<?xml version="1.0"?>
<Project ToolsVersion="4.0" xmlns="http://schemas.microsoft.com/developer/msbuild/2003">
	<ItemGroup>
		<ClCompile Include="src\ofApp.cpp">
			<Filter>src</Filter>
		</ClCompile>
		<ClCompile Include="src\main.cpp">
			<Filter>src</Filter>
		</ClCompile>
		<ClCompile Include="src\main.cpp">
			<Filter>src</Filter>
		</ClCompile>
		<ClCompile Include="src\ofApp.cpp">
			<Filter>src</Filter>
		</ClCompile>
		<ClCompile Include="..\..\..\addons\ofxGui\src\ofxBaseGui.cpp">
			<Filter>addons\ofxGui\src</Filter>
		</ClCompile>
		<ClCompile Include="..\..\..\addons\ofxGui\src\ofxButton.cpp">
			<Filter>addons\ofxGui\src</Filter>
		</ClCompile>
		<ClCompile Include="..\..\..\addons\ofxGui\src\ofxColorPicker.cpp">
			<Filter>addons\ofxGui\src</Filter>
		</ClCompile>
		<ClCompile Include="..\..\..\addons\ofxGui\src\ofxGuiGroup.cpp">
			<Filter>addons\ofxGui\src</Filter>
		</ClCompile>
		<ClCompile Include="..\..\..\addons\ofxGui\src\ofxInputField.cpp">
			<Filter>addons\ofxGui\src</Filter>
		</ClCompile>
		<ClCompile Include="..\..\..\addons\ofxGui\src\ofxLabel.cpp">
			<Filter>addons\ofxGui\src</Filter>
		</ClCompile>
		<ClCompile Include="..\..\..\addons\ofxGui\src\ofxPanel.cpp">
			<Filter>addons\ofxGui\src</Filter>
		</ClCompile>
		<ClCompile Include="..\..\..\addons\ofxGui\src\ofxSlider.cpp">
			<Filter>addons\ofxGui\src</Filter>
		</ClCompile>
		<ClCompile Include="..\..\..\addons\ofxGui\src\ofxSliderGroup.cpp">
			<Filter>addons\ofxGui\src</Filter>
		</ClCompile>
		<ClCompile Include="..\..\..\addons\ofxGui\src\ofxToggle.cpp">
			<Filter>addons\ofxGui\src</Filter>
		</ClCompile>
		<ClCompile Include="..\..\..\addons\ofxOpenCv\src\ofxCvColorImage.cpp">
			<Filter>addons\ofxOpenCv\src</Filter>
		</ClCompile>
		<ClCompile Include="..\..\..\addons\ofxOpenCv\src\ofxCvContourFinder.cpp">
			<Filter>addons\ofxOpenCv\src</Filter>
		</ClCompile>
		<ClCompile Include="..\..\..\addons\ofxOpenCv\src\ofxCvFloatImage.cpp">
			<Filter>addons\ofxOpenCv\src</Filter>
		</ClCompile>
		<ClCompile Include="..\..\..\addons\ofxOpenCv\src\ofxCvGrayscaleImage.cpp">
			<Filter>addons\ofxOpenCv\src</Filter>
		</ClCompile>
		<ClCompile Include="..\..\..\addons\ofxOpenCv\src\ofxCvHaarFinder.cpp">
			<Filter>addons\ofxOpenCv\src</Filter>
		</ClCompile>
		<ClCompile Include="..\..\..\addons\ofxOpenCv\src\ofxCvImage.cpp">
			<Filter>addons\ofxOpenCv\src</Filter>
		</ClCompile>
		<ClCompile Include="..\..\..\addons\ofxOpenCv\src\ofxCvShortImage.cpp">
			<Filter>addons\ofxOpenCv\src</Filter>
		</ClCompile>
		<ClCompile Include="addons\ofxCv\libs\CLD\src\ETF.cpp">
			<Filter>local_addons\ofxCv\libs\CLD\src</Filter>
		</ClCompile>
		<ClCompile Include="addons\ofxCv\libs\CLD\src\fdog.cpp">
			<Filter>local_addons\ofxCv\libs\CLD\src</Filter>
		</ClCompile>
		<ClCompile Include="addons\ofxCv\libs\ofxCv\src\Calibration.cpp">
			<Filter>local_addons\ofxCv\libs\ofxCv\src</Filter>
		</ClCompile>
		<ClCompile Include="addons\ofxCv\libs\ofxCv\src\ContourFinder.cpp">
			<Filter>local_addons\ofxCv\libs\ofxCv\src</Filter>
		</ClCompile>
		<ClCompile Include="addons\ofxCv\libs\ofxCv\src\Distance.cpp">
			<Filter>local_addons\ofxCv\libs\ofxCv\src</Filter>
		</ClCompile>
		<ClCompile Include="addons\ofxCv\libs\ofxCv\src\Flow.cpp">
			<Filter>local_addons\ofxCv\libs\ofxCv\src</Filter>
		</ClCompile>
		<ClCompile Include="addons\ofxCv\libs\ofxCv\src\Helpers.cpp">
			<Filter>local_addons\ofxCv\libs\ofxCv\src</Filter>
		</ClCompile>
		<ClCompile Include="addons\ofxCv\libs\ofxCv\src\Kalman.cpp">
			<Filter>local_addons\ofxCv\libs\ofxCv\src</Filter>
		</ClCompile>
		<ClCompile Include="addons\ofxCv\libs\ofxCv\src\ObjectFinder.cpp">
			<Filter>local_addons\ofxCv\libs\ofxCv\src</Filter>
		</ClCompile>
		<ClCompile Include="addons\ofxCv\libs\ofxCv\src\RunningBackground.cpp">
			<Filter>local_addons\ofxCv\libs\ofxCv\src</Filter>
		</ClCompile>
		<ClCompile Include="addons\ofxCv\libs\ofxCv\src\Tracker.cpp">
			<Filter>local_addons\ofxCv\libs\ofxCv\src</Filter>
		</ClCompile>
		<ClCompile Include="addons\ofxCv\libs\ofxCv\src\Utilities.cpp">
			<Filter>local_addons\ofxCv\libs\ofxCv\src</Filter>
		</ClCompile>
		<ClCompile Include="addons\ofxCv\libs\ofxCv\src\Wrappers.cpp">
			<Filter>local_addons\ofxCv\libs\ofxCv\src</Filter>
		</ClCompile>
	</ItemGroup>
	<ItemGroup>
		<Filter Include="src">
			<UniqueIdentifier>{d8376475-7454-4a24-b08a-aac121d3ad6f}</UniqueIdentifier>
		</Filter>
		<Filter Include="addons">
			<UniqueIdentifier>{71834F65-F3A9-211E-73B8-DC85}</UniqueIdentifier>
		</Filter>
		<Filter Include="addons\ofxGui">
			<UniqueIdentifier>{4F2A59AF-5F4E-704B-D067-EC13}</UniqueIdentifier>
		</Filter>
		<Filter Include="addons\ofxGui\src">
			<UniqueIdentifier>{645E9533-4DCD-6179-1CDF-CB65}</UniqueIdentifier>
		</Filter>
		<Filter Include="addons\ofxOpenCv">
			<UniqueIdentifier>{FFA81411-43B9-BD99-75AF-1DC3}</UniqueIdentifier>
		</Filter>
		<Filter Include="addons\ofxOpenCv\src">
			<UniqueIdentifier>{00DE84A0-C30B-9800-5466-EA40}</UniqueIdentifier>
		</Filter>
		<Filter Include="addons\ofxOpenCv\libs">
			<UniqueIdentifier>{EFE72F22-7F5A-0F39-EC5E-1382}</UniqueIdentifier>
		</Filter>
		<Filter Include="addons\ofxOpenCv\libs\ippicv">
			<UniqueIdentifier>{86859B6D-C03E-741F-AD73-700F}</UniqueIdentifier>
		</Filter>
		<Filter Include="addons\ofxOpenCv\libs\ippicv\include">
			<UniqueIdentifier>{90B25766-C186-8713-AF15-ABE4}</UniqueIdentifier>
		</Filter>
		<Filter Include="addons\ofxOpenCv\libs\opencv">
			<UniqueIdentifier>{0391AB06-09E3-B0B3-3E3B-A02B}</UniqueIdentifier>
		</Filter>
		<Filter Include="addons\ofxOpenCv\libs\opencv\include">
			<UniqueIdentifier>{18BB18A3-47A8-9F08-1A3F-16FC}</UniqueIdentifier>
		</Filter>
		<Filter Include="addons\ofxOpenCv\libs\opencv\include\opencv">
			<UniqueIdentifier>{C867B0DE-B007-11B8-C182-5344}</UniqueIdentifier>
		</Filter>
		<Filter Include="addons\ofxOpenCv\libs\opencv\include\opencv2">
			<UniqueIdentifier>{BCD8ABD4-43E3-302D-A2D3-9FE1}</UniqueIdentifier>
		</Filter>
		<Filter Include="addons\ofxOpenCv\libs\opencv\include\opencv2\calib3d">
			<UniqueIdentifier>{E7CFFFA1-9DFA-D919-100C-FDAA}</UniqueIdentifier>
		</Filter>
		<Filter Include="addons\ofxOpenCv\libs\opencv\include\opencv2\core">
			<UniqueIdentifier>{2ABB36D0-FBE0-DD47-75A8-5882}</UniqueIdentifier>
		</Filter>
		<Filter Include="addons\ofxOpenCv\libs\opencv\include\opencv2\core\cuda">
			<UniqueIdentifier>{3F849F80-E3AF-41D3-8CD7-D868}</UniqueIdentifier>
		</Filter>
		<Filter Include="addons\ofxOpenCv\libs\opencv\include\opencv2\core\cuda\detail">
			<UniqueIdentifier>{508493C5-1D75-0520-6977-9A6B}</UniqueIdentifier>
		</Filter>
		<Filter Include="addons\ofxOpenCv\libs\opencv\include\opencv2\core\hal">
			<UniqueIdentifier>{B1E076F1-7F94-D4E4-6BFD-5B46}</UniqueIdentifier>
		</Filter>
		<Filter Include="addons\ofxOpenCv\libs\opencv\include\opencv2\core\opencl">
			<UniqueIdentifier>{70E5CB28-89E0-A2D2-ED8C-38C3}</UniqueIdentifier>
		</Filter>
		<Filter Include="addons\ofxOpenCv\libs\opencv\include\opencv2\core\opencl\runtime">
			<UniqueIdentifier>{7D0E925B-9770-DA00-FBF1-362C}</UniqueIdentifier>
		</Filter>
		<Filter Include="addons\ofxOpenCv\libs\opencv\include\opencv2\core\opencl\runtime\autogenerated">
			<UniqueIdentifier>{5E9B466B-E0A3-FBE6-E47E-FBD6}</UniqueIdentifier>
		</Filter>
		<Filter Include="addons\ofxOpenCv\libs\opencv\include\opencv2\cudalegacy">
			<UniqueIdentifier>{E5664156-2431-A533-7838-DFEF}</UniqueIdentifier>
		</Filter>
		<Filter Include="addons\ofxOpenCv\libs\opencv\include\opencv2\cudev">
			<UniqueIdentifier>{FC8959FF-8954-AAED-F9A9-C764}</UniqueIdentifier>
		</Filter>
		<Filter Include="addons\ofxOpenCv\libs\opencv\include\opencv2\cudev\block">
			<UniqueIdentifier>{7B38BF54-521A-C26A-3F3B-BDC2}</UniqueIdentifier>
		</Filter>
		<Filter Include="addons\ofxOpenCv\libs\opencv\include\opencv2\cudev\block\detail">
			<UniqueIdentifier>{0C924075-548F-277F-63A2-AE2C}</UniqueIdentifier>
		</Filter>
		<Filter Include="addons\ofxOpenCv\libs\opencv\include\opencv2\cudev\expr">
			<UniqueIdentifier>{0C08CD66-5EE7-E27D-953C-ECA3}</UniqueIdentifier>
		</Filter>
		<Filter Include="addons\ofxOpenCv\libs\opencv\include\opencv2\cudev\functional">
			<UniqueIdentifier>{6E7FA712-B717-40BF-338C-87DA}</UniqueIdentifier>
		</Filter>
		<Filter Include="addons\ofxOpenCv\libs\opencv\include\opencv2\cudev\functional\detail">
			<UniqueIdentifier>{21042817-3760-F70A-C9A3-2DC4}</UniqueIdentifier>
		</Filter>
		<Filter Include="addons\ofxOpenCv\libs\opencv\include\opencv2\cudev\grid">
			<UniqueIdentifier>{F14EE2F9-A009-3B62-2B3B-0F37}</UniqueIdentifier>
		</Filter>
		<Filter Include="addons\ofxOpenCv\libs\opencv\include\opencv2\cudev\grid\detail">
			<UniqueIdentifier>{3D971372-3CE2-4C6B-E987-CA3A}</UniqueIdentifier>
		</Filter>
		<Filter Include="addons\ofxOpenCv\libs\opencv\include\opencv2\cudev\ptr2d">
			<UniqueIdentifier>{79AC7814-73F1-8B16-91BC-0FCA}</UniqueIdentifier>
		</Filter>
		<Filter Include="addons\ofxOpenCv\libs\opencv\include\opencv2\cudev\ptr2d\detail">
			<UniqueIdentifier>{9F464F31-F935-022D-8171-F5E1}</UniqueIdentifier>
		</Filter>
		<Filter Include="addons\ofxOpenCv\libs\opencv\include\opencv2\cudev\util">
			<UniqueIdentifier>{B7FA1536-B438-BA0B-A1E0-D868}</UniqueIdentifier>
		</Filter>
		<Filter Include="addons\ofxOpenCv\libs\opencv\include\opencv2\cudev\util\detail">
			<UniqueIdentifier>{7F48F406-176B-382D-6298-970E}</UniqueIdentifier>
		</Filter>
		<Filter Include="addons\ofxOpenCv\libs\opencv\include\opencv2\cudev\warp">
			<UniqueIdentifier>{DBC60410-1075-DBCF-24DB-7A44}</UniqueIdentifier>
		</Filter>
		<Filter Include="addons\ofxOpenCv\libs\opencv\include\opencv2\cudev\warp\detail">
			<UniqueIdentifier>{6214AF73-08C9-691F-F354-4CD7}</UniqueIdentifier>
		</Filter>
		<Filter Include="addons\ofxOpenCv\libs\opencv\include\opencv2\features2d">
			<UniqueIdentifier>{FFED61A2-DA84-E61F-DAA8-23D8}</UniqueIdentifier>
		</Filter>
		<Filter Include="addons\ofxOpenCv\libs\opencv\include\opencv2\flann">
			<UniqueIdentifier>{35E18472-D925-59BD-12EF-E1E6}</UniqueIdentifier>
		</Filter>
		<Filter Include="addons\ofxOpenCv\libs\opencv\include\opencv2\highgui">
			<UniqueIdentifier>{C5146E31-2B8E-4299-4FB2-2347}</UniqueIdentifier>
		</Filter>
		<Filter Include="addons\ofxOpenCv\libs\opencv\include\opencv2\imgcodecs">
			<UniqueIdentifier>{85CE0AE1-7E4F-8B50-E623-C09F}</UniqueIdentifier>
		</Filter>
		<Filter Include="addons\ofxOpenCv\libs\opencv\include\opencv2\imgproc">
			<UniqueIdentifier>{E61CD652-51B9-BCE9-A2EB-3331}</UniqueIdentifier>
		</Filter>
		<Filter Include="addons\ofxOpenCv\libs\opencv\include\opencv2\imgproc\detail">
			<UniqueIdentifier>{CAE2A366-0E89-C339-3DF8-86E4}</UniqueIdentifier>
		</Filter>
		<Filter Include="addons\ofxOpenCv\libs\opencv\include\opencv2\ml">
			<UniqueIdentifier>{C217A119-B337-C774-4EDA-1ACC}</UniqueIdentifier>
		</Filter>
		<Filter Include="addons\ofxOpenCv\libs\opencv\include\opencv2\objdetect">
			<UniqueIdentifier>{D1260DF5-DCB4-6729-CD66-ED90}</UniqueIdentifier>
		</Filter>
		<Filter Include="addons\ofxOpenCv\libs\opencv\include\opencv2\photo">
			<UniqueIdentifier>{450E6EA2-482C-4DAE-EF14-EE48}</UniqueIdentifier>
		</Filter>
		<Filter Include="addons\ofxOpenCv\libs\opencv\include\opencv2\shape">
			<UniqueIdentifier>{F67AADD7-AAFF-CD79-9464-F082}</UniqueIdentifier>
		</Filter>
		<Filter Include="addons\ofxOpenCv\libs\opencv\include\opencv2\stitching">
			<UniqueIdentifier>{EA043335-259C-BCEC-5E49-545A}</UniqueIdentifier>
		</Filter>
		<Filter Include="addons\ofxOpenCv\libs\opencv\include\opencv2\stitching\detail">
			<UniqueIdentifier>{21D034AC-F39C-E724-350A-C7B6}</UniqueIdentifier>
		</Filter>
		<Filter Include="addons\ofxOpenCv\libs\opencv\include\opencv2\superres">
			<UniqueIdentifier>{D2BBE5C7-0D36-257F-DD81-67F0}</UniqueIdentifier>
		</Filter>
		<Filter Include="addons\ofxOpenCv\libs\opencv\include\opencv2\ts">
			<UniqueIdentifier>{AA1539ED-A548-EDA6-1094-37FD}</UniqueIdentifier>
		</Filter>
		<Filter Include="addons\ofxOpenCv\libs\opencv\include\opencv2\video">
			<UniqueIdentifier>{61E04F54-C77F-B674-C2AB-FEC2}</UniqueIdentifier>
		</Filter>
		<Filter Include="addons\ofxOpenCv\libs\opencv\include\opencv2\videoio">
			<UniqueIdentifier>{8C359BB4-9E19-8F59-F4F6-1832}</UniqueIdentifier>
		</Filter>
		<Filter Include="addons\ofxOpenCv\libs\opencv\include\opencv2\videostab">
			<UniqueIdentifier>{D4F01CB4-61E3-5965-F3B1-CFB9}</UniqueIdentifier>
		</Filter>
		<Filter Include="addons\ofxOpenCv\libs\opencv\include\opencv2\viz">
			<UniqueIdentifier>{8CF19703-CB0D-8BF5-CC5B-7382}</UniqueIdentifier>
		</Filter>
		<Filter Include="addons\ofxWrnchAI">
			<UniqueIdentifier>{C82FA074-C15B-3969-D1CC-BC3A}</UniqueIdentifier>
		</Filter>
		<Filter Include="addons\ofxWrnchAI\src">
			<UniqueIdentifier>{02869328-EB5B-0370-E9E4-F015}</UniqueIdentifier>
		</Filter>
		<Filter Include="addons\ofxWrnchAI\libs">
			<UniqueIdentifier>{DAF5DC93-4C2C-A5D4-E503-BEB4}</UniqueIdentifier>
		</Filter>
		<Filter Include="addons\ofxWrnchAI\libs\include">
			<UniqueIdentifier>{10F77AE3-DB17-94E9-60C6-0027}</UniqueIdentifier>
		</Filter>
		<Filter Include="addons\ofxWrnchAI\libs\include\wrnch">
			<UniqueIdentifier>{41034C6F-BD39-C57B-F92C-7DFD}</UniqueIdentifier>
		</Filter>
		<Filter Include="local_addons">
			<UniqueIdentifier>{DE6745C7-E99D-D8E0-F77D-C032}</UniqueIdentifier>
		</Filter>
		<Filter Include="local_addons\ofxCv">
			<UniqueIdentifier>{BD300B1E-90AD-3A0B-0D12-E8D6}</UniqueIdentifier>
		</Filter>
		<Filter Include="local_addons\ofxCv\src">
			<UniqueIdentifier>{8C5AC375-7FB2-63E8-059A-2C2D}</UniqueIdentifier>
		</Filter>
		<Filter Include="local_addons\ofxCv\libs">
			<UniqueIdentifier>{7668492C-2892-2B6F-55E0-E235}</UniqueIdentifier>
		</Filter>
		<Filter Include="local_addons\ofxCv\libs\CLD">
			<UniqueIdentifier>{0992AC2B-F4BD-9D76-6DFE-FAD9}</UniqueIdentifier>
		</Filter>
		<Filter Include="local_addons\ofxCv\libs\CLD\include">
			<UniqueIdentifier>{FA85F4D4-1E03-2BB0-AEDE-705D}</UniqueIdentifier>
		</Filter>
		<Filter Include="local_addons\ofxCv\libs\CLD\include\CLD">
			<UniqueIdentifier>{14F0DDD9-3001-B166-FCAC-8482}</UniqueIdentifier>
		</Filter>
		<Filter Include="local_addons\ofxCv\libs\CLD\src">
			<UniqueIdentifier>{AE0F3787-08BE-5760-FA5B-9923}</UniqueIdentifier>
		</Filter>
		<Filter Include="local_addons\ofxCv\libs\ofxCv">
			<UniqueIdentifier>{F0FF84C6-2C18-AFAD-AE5B-3EDD}</UniqueIdentifier>
		</Filter>
		<Filter Include="local_addons\ofxCv\libs\ofxCv\include">
			<UniqueIdentifier>{F68487BF-BE47-1118-4F3A-EE69}</UniqueIdentifier>
		</Filter>
		<Filter Include="local_addons\ofxCv\libs\ofxCv\include\ofxCv">
			<UniqueIdentifier>{63748F57-2F49-2F8E-531B-3A7E}</UniqueIdentifier>
		</Filter>
		<Filter Include="local_addons\ofxCv\libs\ofxCv\src">
			<UniqueIdentifier>{C9A9FBC2-A9F2-6158-7E9C-0ADD}</UniqueIdentifier>
		</Filter>
	</ItemGroup>
	<ItemGroup>
		<ClInclude Include="src\ofApp.h">
			<Filter>src</Filter>
		</ClInclude>
		<ClInclude Include="src\ofApp.h">
			<Filter>src</Filter>
		</ClInclude>
		<ClInclude Include="..\..\..\addons\ofxGui\src\ofxBaseGui.h">
			<Filter>addons\ofxGui\src</Filter>
		</ClInclude>
		<ClInclude Include="..\..\..\addons\ofxGui\src\ofxButton.h">
			<Filter>addons\ofxGui\src</Filter>
		</ClInclude>
		<ClInclude Include="..\..\..\addons\ofxGui\src\ofxColorPicker.h">
			<Filter>addons\ofxGui\src</Filter>
		</ClInclude>
		<ClInclude Include="..\..\..\addons\ofxGui\src\ofxGui.h">
			<Filter>addons\ofxGui\src</Filter>
		</ClInclude>
		<ClInclude Include="..\..\..\addons\ofxGui\src\ofxGuiGroup.h">
			<Filter>addons\ofxGui\src</Filter>
		</ClInclude>
		<ClInclude Include="..\..\..\addons\ofxGui\src\ofxInputField.h">
			<Filter>addons\ofxGui\src</Filter>
		</ClInclude>
		<ClInclude Include="..\..\..\addons\ofxGui\src\ofxLabel.h">
			<Filter>addons\ofxGui\src</Filter>
		</ClInclude>
		<ClInclude Include="..\..\..\addons\ofxGui\src\ofxPanel.h">
			<Filter>addons\ofxGui\src</Filter>
		</ClInclude>
		<ClInclude Include="..\..\..\addons\ofxGui\src\ofxSlider.h">
			<Filter>addons\ofxGui\src</Filter>
		</ClInclude>
		<ClInclude Include="..\..\..\addons\ofxGui\src\ofxSliderGroup.h">
			<Filter>addons\ofxGui\src</Filter>
		</ClInclude>
		<ClInclude Include="..\..\..\addons\ofxGui\src\ofxToggle.h">
			<Filter>addons\ofxGui\src</Filter>
		</ClInclude>
		<ClInclude Include="..\..\..\addons\ofxOpenCv\src\ofxCvBlob.h">
			<Filter>addons\ofxOpenCv\src</Filter>
		</ClInclude>
		<ClInclude Include="..\..\..\addons\ofxOpenCv\src\ofxCvColorImage.h">
			<Filter>addons\ofxOpenCv\src</Filter>
		</ClInclude>
		<ClInclude Include="..\..\..\addons\ofxOpenCv\src\ofxCvConstants.h">
			<Filter>addons\ofxOpenCv\src</Filter>
		</ClInclude>
		<ClInclude Include="..\..\..\addons\ofxOpenCv\src\ofxCvContourFinder.h">
			<Filter>addons\ofxOpenCv\src</Filter>
		</ClInclude>
		<ClInclude Include="..\..\..\addons\ofxOpenCv\src\ofxCvFloatImage.h">
			<Filter>addons\ofxOpenCv\src</Filter>
		</ClInclude>
		<ClInclude Include="..\..\..\addons\ofxOpenCv\src\ofxCvGrayscaleImage.h">
			<Filter>addons\ofxOpenCv\src</Filter>
		</ClInclude>
		<ClInclude Include="..\..\..\addons\ofxOpenCv\src\ofxCvHaarFinder.h">
			<Filter>addons\ofxOpenCv\src</Filter>
		</ClInclude>
		<ClInclude Include="..\..\..\addons\ofxOpenCv\src\ofxCvImage.h">
			<Filter>addons\ofxOpenCv\src</Filter>
		</ClInclude>
		<ClInclude Include="..\..\..\addons\ofxOpenCv\src\ofxCvShortImage.h">
			<Filter>addons\ofxOpenCv\src</Filter>
		</ClInclude>
		<ClInclude Include="..\..\..\addons\ofxOpenCv\src\ofxOpenCv.h">
			<Filter>addons\ofxOpenCv\src</Filter>
		</ClInclude>
		<ClInclude Include="..\..\..\addons\ofxOpenCv\libs\ippicv\include\ipp.h">
			<Filter>addons\ofxOpenCv\libs\ippicv\include</Filter>
		</ClInclude>
		<ClInclude Include="..\..\..\addons\ofxOpenCv\libs\ippicv\include\ippicv_base.h">
			<Filter>addons\ofxOpenCv\libs\ippicv\include</Filter>
		</ClInclude>
		<ClInclude Include="..\..\..\addons\ofxOpenCv\libs\ippicv\include\ippicv_defs.h">
			<Filter>addons\ofxOpenCv\libs\ippicv\include</Filter>
		</ClInclude>
		<ClInclude Include="..\..\..\addons\ofxOpenCv\libs\ippicv\include\ippicv_redefs.h">
			<Filter>addons\ofxOpenCv\libs\ippicv\include</Filter>
		</ClInclude>
		<ClInclude Include="..\..\..\addons\ofxOpenCv\libs\ippicv\include\ippicv_types.h">
			<Filter>addons\ofxOpenCv\libs\ippicv\include</Filter>
		</ClInclude>
		<ClInclude Include="..\..\..\addons\ofxOpenCv\libs\ippicv\include\ippversion.h">
			<Filter>addons\ofxOpenCv\libs\ippicv\include</Filter>
		</ClInclude>
		<ClInclude Include="..\..\..\addons\ofxOpenCv\libs\opencv\include\opencv\cv.h">
			<Filter>addons\ofxOpenCv\libs\opencv\include\opencv</Filter>
		</ClInclude>
		<ClInclude Include="..\..\..\addons\ofxOpenCv\libs\opencv\include\opencv\cv.hpp">
			<Filter>addons\ofxOpenCv\libs\opencv\include\opencv</Filter>
		</ClInclude>
		<ClInclude Include="..\..\..\addons\ofxOpenCv\libs\opencv\include\opencv\cvaux.h">
			<Filter>addons\ofxOpenCv\libs\opencv\include\opencv</Filter>
		</ClInclude>
		<ClInclude Include="..\..\..\addons\ofxOpenCv\libs\opencv\include\opencv\cvaux.hpp">
			<Filter>addons\ofxOpenCv\libs\opencv\include\opencv</Filter>
		</ClInclude>
		<ClInclude Include="..\..\..\addons\ofxOpenCv\libs\opencv\include\opencv\cvwimage.h">
			<Filter>addons\ofxOpenCv\libs\opencv\include\opencv</Filter>
		</ClInclude>
		<ClInclude Include="..\..\..\addons\ofxOpenCv\libs\opencv\include\opencv\cxcore.h">
			<Filter>addons\ofxOpenCv\libs\opencv\include\opencv</Filter>
		</ClInclude>
		<ClInclude Include="..\..\..\addons\ofxOpenCv\libs\opencv\include\opencv\cxcore.hpp">
			<Filter>addons\ofxOpenCv\libs\opencv\include\opencv</Filter>
		</ClInclude>
		<ClInclude Include="..\..\..\addons\ofxOpenCv\libs\opencv\include\opencv\cxeigen.hpp">
			<Filter>addons\ofxOpenCv\libs\opencv\include\opencv</Filter>
		</ClInclude>
		<ClInclude Include="..\..\..\addons\ofxOpenCv\libs\opencv\include\opencv\cxmisc.h">
			<Filter>addons\ofxOpenCv\libs\opencv\include\opencv</Filter>
		</ClInclude>
		<ClInclude Include="..\..\..\addons\ofxOpenCv\libs\opencv\include\opencv\highgui.h">
			<Filter>addons\ofxOpenCv\libs\opencv\include\opencv</Filter>
		</ClInclude>
		<ClInclude Include="..\..\..\addons\ofxOpenCv\libs\opencv\include\opencv\ml.h">
			<Filter>addons\ofxOpenCv\libs\opencv\include\opencv</Filter>
		</ClInclude>
		<ClInclude Include="..\..\..\addons\ofxOpenCv\libs\opencv\include\opencv2\calib3d\calib3d.hpp">
			<Filter>addons\ofxOpenCv\libs\opencv\include\opencv2\calib3d</Filter>
		</ClInclude>
		<ClInclude Include="..\..\..\addons\ofxOpenCv\libs\opencv\include\opencv2\calib3d\calib3d_c.h">
			<Filter>addons\ofxOpenCv\libs\opencv\include\opencv2\calib3d</Filter>
		</ClInclude>
		<ClInclude Include="..\..\..\addons\ofxOpenCv\libs\opencv\include\opencv2\calib3d.hpp">
			<Filter>addons\ofxOpenCv\libs\opencv\include\opencv2</Filter>
		</ClInclude>
		<ClInclude Include="..\..\..\addons\ofxOpenCv\libs\opencv\include\opencv2\core\affine.hpp">
			<Filter>addons\ofxOpenCv\libs\opencv\include\opencv2\core</Filter>
		</ClInclude>
		<ClInclude Include="..\..\..\addons\ofxOpenCv\libs\opencv\include\opencv2\core\base.hpp">
			<Filter>addons\ofxOpenCv\libs\opencv\include\opencv2\core</Filter>
		</ClInclude>
		<ClInclude Include="..\..\..\addons\ofxOpenCv\libs\opencv\include\opencv2\core\bufferpool.hpp">
			<Filter>addons\ofxOpenCv\libs\opencv\include\opencv2\core</Filter>
		</ClInclude>
		<ClInclude Include="..\..\..\addons\ofxOpenCv\libs\opencv\include\opencv2\core\core.hpp">
			<Filter>addons\ofxOpenCv\libs\opencv\include\opencv2\core</Filter>
		</ClInclude>
		<ClInclude Include="..\..\..\addons\ofxOpenCv\libs\opencv\include\opencv2\core\core_c.h">
			<Filter>addons\ofxOpenCv\libs\opencv\include\opencv2\core</Filter>
		</ClInclude>
		<ClInclude Include="..\..\..\addons\ofxOpenCv\libs\opencv\include\opencv2\core\cuda\block.hpp">
			<Filter>addons\ofxOpenCv\libs\opencv\include\opencv2\core\cuda</Filter>
		</ClInclude>
		<ClInclude Include="..\..\..\addons\ofxOpenCv\libs\opencv\include\opencv2\core\cuda\border_interpolate.hpp">
			<Filter>addons\ofxOpenCv\libs\opencv\include\opencv2\core\cuda</Filter>
		</ClInclude>
		<ClInclude Include="..\..\..\addons\ofxOpenCv\libs\opencv\include\opencv2\core\cuda\color.hpp">
			<Filter>addons\ofxOpenCv\libs\opencv\include\opencv2\core\cuda</Filter>
		</ClInclude>
		<ClInclude Include="..\..\..\addons\ofxOpenCv\libs\opencv\include\opencv2\core\cuda\common.hpp">
			<Filter>addons\ofxOpenCv\libs\opencv\include\opencv2\core\cuda</Filter>
		</ClInclude>
		<ClInclude Include="..\..\..\addons\ofxOpenCv\libs\opencv\include\opencv2\core\cuda\datamov_utils.hpp">
			<Filter>addons\ofxOpenCv\libs\opencv\include\opencv2\core\cuda</Filter>
		</ClInclude>
		<ClInclude Include="..\..\..\addons\ofxOpenCv\libs\opencv\include\opencv2\core\cuda\detail\color_detail.hpp">
			<Filter>addons\ofxOpenCv\libs\opencv\include\opencv2\core\cuda\detail</Filter>
		</ClInclude>
		<ClInclude Include="..\..\..\addons\ofxOpenCv\libs\opencv\include\opencv2\core\cuda\detail\reduce.hpp">
			<Filter>addons\ofxOpenCv\libs\opencv\include\opencv2\core\cuda\detail</Filter>
		</ClInclude>
		<ClInclude Include="..\..\..\addons\ofxOpenCv\libs\opencv\include\opencv2\core\cuda\detail\reduce_key_val.hpp">
			<Filter>addons\ofxOpenCv\libs\opencv\include\opencv2\core\cuda\detail</Filter>
		</ClInclude>
		<ClInclude Include="..\..\..\addons\ofxOpenCv\libs\opencv\include\opencv2\core\cuda\detail\transform_detail.hpp">
			<Filter>addons\ofxOpenCv\libs\opencv\include\opencv2\core\cuda\detail</Filter>
		</ClInclude>
		<ClInclude Include="..\..\..\addons\ofxOpenCv\libs\opencv\include\opencv2\core\cuda\detail\type_traits_detail.hpp">
			<Filter>addons\ofxOpenCv\libs\opencv\include\opencv2\core\cuda\detail</Filter>
		</ClInclude>
		<ClInclude Include="..\..\..\addons\ofxOpenCv\libs\opencv\include\opencv2\core\cuda\detail\vec_distance_detail.hpp">
			<Filter>addons\ofxOpenCv\libs\opencv\include\opencv2\core\cuda\detail</Filter>
		</ClInclude>
		<ClInclude Include="..\..\..\addons\ofxOpenCv\libs\opencv\include\opencv2\core\cuda\dynamic_smem.hpp">
			<Filter>addons\ofxOpenCv\libs\opencv\include\opencv2\core\cuda</Filter>
		</ClInclude>
		<ClInclude Include="..\..\..\addons\ofxOpenCv\libs\opencv\include\opencv2\core\cuda\emulation.hpp">
			<Filter>addons\ofxOpenCv\libs\opencv\include\opencv2\core\cuda</Filter>
		</ClInclude>
		<ClInclude Include="..\..\..\addons\ofxOpenCv\libs\opencv\include\opencv2\core\cuda\filters.hpp">
			<Filter>addons\ofxOpenCv\libs\opencv\include\opencv2\core\cuda</Filter>
		</ClInclude>
		<ClInclude Include="..\..\..\addons\ofxOpenCv\libs\opencv\include\opencv2\core\cuda\funcattrib.hpp">
			<Filter>addons\ofxOpenCv\libs\opencv\include\opencv2\core\cuda</Filter>
		</ClInclude>
		<ClInclude Include="..\..\..\addons\ofxOpenCv\libs\opencv\include\opencv2\core\cuda\functional.hpp">
			<Filter>addons\ofxOpenCv\libs\opencv\include\opencv2\core\cuda</Filter>
		</ClInclude>
		<ClInclude Include="..\..\..\addons\ofxOpenCv\libs\opencv\include\opencv2\core\cuda\limits.hpp">
			<Filter>addons\ofxOpenCv\libs\opencv\include\opencv2\core\cuda</Filter>
		</ClInclude>
		<ClInclude Include="..\..\..\addons\ofxOpenCv\libs\opencv\include\opencv2\core\cuda\reduce.hpp">
			<Filter>addons\ofxOpenCv\libs\opencv\include\opencv2\core\cuda</Filter>
		</ClInclude>
		<ClInclude Include="..\..\..\addons\ofxOpenCv\libs\opencv\include\opencv2\core\cuda\saturate_cast.hpp">
			<Filter>addons\ofxOpenCv\libs\opencv\include\opencv2\core\cuda</Filter>
		</ClInclude>
		<ClInclude Include="..\..\..\addons\ofxOpenCv\libs\opencv\include\opencv2\core\cuda\scan.hpp">
			<Filter>addons\ofxOpenCv\libs\opencv\include\opencv2\core\cuda</Filter>
		</ClInclude>
		<ClInclude Include="..\..\..\addons\ofxOpenCv\libs\opencv\include\opencv2\core\cuda\simd_functions.hpp">
			<Filter>addons\ofxOpenCv\libs\opencv\include\opencv2\core\cuda</Filter>
		</ClInclude>
		<ClInclude Include="..\..\..\addons\ofxOpenCv\libs\opencv\include\opencv2\core\cuda\transform.hpp">
			<Filter>addons\ofxOpenCv\libs\opencv\include\opencv2\core\cuda</Filter>
		</ClInclude>
		<ClInclude Include="..\..\..\addons\ofxOpenCv\libs\opencv\include\opencv2\core\cuda\type_traits.hpp">
			<Filter>addons\ofxOpenCv\libs\opencv\include\opencv2\core\cuda</Filter>
		</ClInclude>
		<ClInclude Include="..\..\..\addons\ofxOpenCv\libs\opencv\include\opencv2\core\cuda\utility.hpp">
			<Filter>addons\ofxOpenCv\libs\opencv\include\opencv2\core\cuda</Filter>
		</ClInclude>
		<ClInclude Include="..\..\..\addons\ofxOpenCv\libs\opencv\include\opencv2\core\cuda\vec_distance.hpp">
			<Filter>addons\ofxOpenCv\libs\opencv\include\opencv2\core\cuda</Filter>
		</ClInclude>
		<ClInclude Include="..\..\..\addons\ofxOpenCv\libs\opencv\include\opencv2\core\cuda\vec_math.hpp">
			<Filter>addons\ofxOpenCv\libs\opencv\include\opencv2\core\cuda</Filter>
		</ClInclude>
		<ClInclude Include="..\..\..\addons\ofxOpenCv\libs\opencv\include\opencv2\core\cuda\vec_traits.hpp">
			<Filter>addons\ofxOpenCv\libs\opencv\include\opencv2\core\cuda</Filter>
		</ClInclude>
		<ClInclude Include="..\..\..\addons\ofxOpenCv\libs\opencv\include\opencv2\core\cuda\warp.hpp">
			<Filter>addons\ofxOpenCv\libs\opencv\include\opencv2\core\cuda</Filter>
		</ClInclude>
		<ClInclude Include="..\..\..\addons\ofxOpenCv\libs\opencv\include\opencv2\core\cuda\warp_reduce.hpp">
			<Filter>addons\ofxOpenCv\libs\opencv\include\opencv2\core\cuda</Filter>
		</ClInclude>
		<ClInclude Include="..\..\..\addons\ofxOpenCv\libs\opencv\include\opencv2\core\cuda\warp_shuffle.hpp">
			<Filter>addons\ofxOpenCv\libs\opencv\include\opencv2\core\cuda</Filter>
		</ClInclude>
		<ClInclude Include="..\..\..\addons\ofxOpenCv\libs\opencv\include\opencv2\core\cuda.hpp">
			<Filter>addons\ofxOpenCv\libs\opencv\include\opencv2\core</Filter>
		</ClInclude>
		<ClInclude Include="..\..\..\addons\ofxOpenCv\libs\opencv\include\opencv2\core\cuda.inl.hpp">
			<Filter>addons\ofxOpenCv\libs\opencv\include\opencv2\core</Filter>
		</ClInclude>
		<ClInclude Include="..\..\..\addons\ofxOpenCv\libs\opencv\include\opencv2\core\cuda_stream_accessor.hpp">
			<Filter>addons\ofxOpenCv\libs\opencv\include\opencv2\core</Filter>
		</ClInclude>
		<ClInclude Include="..\..\..\addons\ofxOpenCv\libs\opencv\include\opencv2\core\cuda_types.hpp">
			<Filter>addons\ofxOpenCv\libs\opencv\include\opencv2\core</Filter>
		</ClInclude>
		<ClInclude Include="..\..\..\addons\ofxOpenCv\libs\opencv\include\opencv2\core\cvdef.h">
			<Filter>addons\ofxOpenCv\libs\opencv\include\opencv2\core</Filter>
		</ClInclude>
		<ClInclude Include="..\..\..\addons\ofxOpenCv\libs\opencv\include\opencv2\core\cvstd.hpp">
			<Filter>addons\ofxOpenCv\libs\opencv\include\opencv2\core</Filter>
		</ClInclude>
		<ClInclude Include="..\..\..\addons\ofxOpenCv\libs\opencv\include\opencv2\core\cvstd.inl.hpp">
			<Filter>addons\ofxOpenCv\libs\opencv\include\opencv2\core</Filter>
		</ClInclude>
		<ClInclude Include="..\..\..\addons\ofxOpenCv\libs\opencv\include\opencv2\core\directx.hpp">
			<Filter>addons\ofxOpenCv\libs\opencv\include\opencv2\core</Filter>
		</ClInclude>
		<ClInclude Include="..\..\..\addons\ofxOpenCv\libs\opencv\include\opencv2\core\eigen.hpp">
			<Filter>addons\ofxOpenCv\libs\opencv\include\opencv2\core</Filter>
		</ClInclude>
		<ClInclude Include="..\..\..\addons\ofxOpenCv\libs\opencv\include\opencv2\core\fast_math.hpp">
			<Filter>addons\ofxOpenCv\libs\opencv\include\opencv2\core</Filter>
		</ClInclude>
		<ClInclude Include="..\..\..\addons\ofxOpenCv\libs\opencv\include\opencv2\core\hal\hal.hpp">
			<Filter>addons\ofxOpenCv\libs\opencv\include\opencv2\core\hal</Filter>
		</ClInclude>
		<ClInclude Include="..\..\..\addons\ofxOpenCv\libs\opencv\include\opencv2\core\hal\interface.h">
			<Filter>addons\ofxOpenCv\libs\opencv\include\opencv2\core\hal</Filter>
		</ClInclude>
		<ClInclude Include="..\..\..\addons\ofxOpenCv\libs\opencv\include\opencv2\core\hal\intrin.hpp">
			<Filter>addons\ofxOpenCv\libs\opencv\include\opencv2\core\hal</Filter>
		</ClInclude>
		<ClInclude Include="..\..\..\addons\ofxOpenCv\libs\opencv\include\opencv2\core\hal\intrin_cpp.hpp">
			<Filter>addons\ofxOpenCv\libs\opencv\include\opencv2\core\hal</Filter>
		</ClInclude>
		<ClInclude Include="..\..\..\addons\ofxOpenCv\libs\opencv\include\opencv2\core\hal\intrin_neon.hpp">
			<Filter>addons\ofxOpenCv\libs\opencv\include\opencv2\core\hal</Filter>
		</ClInclude>
		<ClInclude Include="..\..\..\addons\ofxOpenCv\libs\opencv\include\opencv2\core\hal\intrin_sse.hpp">
			<Filter>addons\ofxOpenCv\libs\opencv\include\opencv2\core\hal</Filter>
		</ClInclude>
		<ClInclude Include="..\..\..\addons\ofxOpenCv\libs\opencv\include\opencv2\core\ippasync.hpp">
			<Filter>addons\ofxOpenCv\libs\opencv\include\opencv2\core</Filter>
		</ClInclude>
		<ClInclude Include="..\..\..\addons\ofxOpenCv\libs\opencv\include\opencv2\core\mat.hpp">
			<Filter>addons\ofxOpenCv\libs\opencv\include\opencv2\core</Filter>
		</ClInclude>
		<ClInclude Include="..\..\..\addons\ofxOpenCv\libs\opencv\include\opencv2\core\mat.inl.hpp">
			<Filter>addons\ofxOpenCv\libs\opencv\include\opencv2\core</Filter>
		</ClInclude>
		<ClInclude Include="..\..\..\addons\ofxOpenCv\libs\opencv\include\opencv2\core\matx.hpp">
			<Filter>addons\ofxOpenCv\libs\opencv\include\opencv2\core</Filter>
		</ClInclude>
		<ClInclude Include="..\..\..\addons\ofxOpenCv\libs\opencv\include\opencv2\core\neon_utils.hpp">
			<Filter>addons\ofxOpenCv\libs\opencv\include\opencv2\core</Filter>
		</ClInclude>
		<ClInclude Include="..\..\..\addons\ofxOpenCv\libs\opencv\include\opencv2\core\ocl.hpp">
			<Filter>addons\ofxOpenCv\libs\opencv\include\opencv2\core</Filter>
		</ClInclude>
		<ClInclude Include="..\..\..\addons\ofxOpenCv\libs\opencv\include\opencv2\core\ocl_genbase.hpp">
			<Filter>addons\ofxOpenCv\libs\opencv\include\opencv2\core</Filter>
		</ClInclude>
		<ClInclude Include="..\..\..\addons\ofxOpenCv\libs\opencv\include\opencv2\core\opencl\ocl_defs.hpp">
			<Filter>addons\ofxOpenCv\libs\opencv\include\opencv2\core\opencl</Filter>
		</ClInclude>
		<ClInclude Include="..\..\..\addons\ofxOpenCv\libs\opencv\include\opencv2\core\opencl\opencl_svm.hpp">
			<Filter>addons\ofxOpenCv\libs\opencv\include\opencv2\core\opencl</Filter>
		</ClInclude>
		<ClInclude Include="..\..\..\addons\ofxOpenCv\libs\opencv\include\opencv2\core\opencl\runtime\autogenerated\opencl_clamdblas.hpp">
			<Filter>addons\ofxOpenCv\libs\opencv\include\opencv2\core\opencl\runtime\autogenerated</Filter>
		</ClInclude>
		<ClInclude Include="..\..\..\addons\ofxOpenCv\libs\opencv\include\opencv2\core\opencl\runtime\autogenerated\opencl_clamdfft.hpp">
			<Filter>addons\ofxOpenCv\libs\opencv\include\opencv2\core\opencl\runtime\autogenerated</Filter>
		</ClInclude>
		<ClInclude Include="..\..\..\addons\ofxOpenCv\libs\opencv\include\opencv2\core\opencl\runtime\autogenerated\opencl_core.hpp">
			<Filter>addons\ofxOpenCv\libs\opencv\include\opencv2\core\opencl\runtime\autogenerated</Filter>
		</ClInclude>
		<ClInclude Include="..\..\..\addons\ofxOpenCv\libs\opencv\include\opencv2\core\opencl\runtime\autogenerated\opencl_core_wrappers.hpp">
			<Filter>addons\ofxOpenCv\libs\opencv\include\opencv2\core\opencl\runtime\autogenerated</Filter>
		</ClInclude>
		<ClInclude Include="..\..\..\addons\ofxOpenCv\libs\opencv\include\opencv2\core\opencl\runtime\autogenerated\opencl_gl.hpp">
			<Filter>addons\ofxOpenCv\libs\opencv\include\opencv2\core\opencl\runtime\autogenerated</Filter>
		</ClInclude>
		<ClInclude Include="..\..\..\addons\ofxOpenCv\libs\opencv\include\opencv2\core\opencl\runtime\autogenerated\opencl_gl_wrappers.hpp">
			<Filter>addons\ofxOpenCv\libs\opencv\include\opencv2\core\opencl\runtime\autogenerated</Filter>
		</ClInclude>
		<ClInclude Include="..\..\..\addons\ofxOpenCv\libs\opencv\include\opencv2\core\opencl\runtime\opencl_clamdblas.hpp">
			<Filter>addons\ofxOpenCv\libs\opencv\include\opencv2\core\opencl\runtime</Filter>
		</ClInclude>
		<ClInclude Include="..\..\..\addons\ofxOpenCv\libs\opencv\include\opencv2\core\opencl\runtime\opencl_clamdfft.hpp">
			<Filter>addons\ofxOpenCv\libs\opencv\include\opencv2\core\opencl\runtime</Filter>
		</ClInclude>
		<ClInclude Include="..\..\..\addons\ofxOpenCv\libs\opencv\include\opencv2\core\opencl\runtime\opencl_core.hpp">
			<Filter>addons\ofxOpenCv\libs\opencv\include\opencv2\core\opencl\runtime</Filter>
		</ClInclude>
		<ClInclude Include="..\..\..\addons\ofxOpenCv\libs\opencv\include\opencv2\core\opencl\runtime\opencl_core_wrappers.hpp">
			<Filter>addons\ofxOpenCv\libs\opencv\include\opencv2\core\opencl\runtime</Filter>
		</ClInclude>
		<ClInclude Include="..\..\..\addons\ofxOpenCv\libs\opencv\include\opencv2\core\opencl\runtime\opencl_gl.hpp">
			<Filter>addons\ofxOpenCv\libs\opencv\include\opencv2\core\opencl\runtime</Filter>
		</ClInclude>
		<ClInclude Include="..\..\..\addons\ofxOpenCv\libs\opencv\include\opencv2\core\opencl\runtime\opencl_gl_wrappers.hpp">
			<Filter>addons\ofxOpenCv\libs\opencv\include\opencv2\core\opencl\runtime</Filter>
		</ClInclude>
		<ClInclude Include="..\..\..\addons\ofxOpenCv\libs\opencv\include\opencv2\core\opencl\runtime\opencl_svm_20.hpp">
			<Filter>addons\ofxOpenCv\libs\opencv\include\opencv2\core\opencl\runtime</Filter>
		</ClInclude>
		<ClInclude Include="..\..\..\addons\ofxOpenCv\libs\opencv\include\opencv2\core\opencl\runtime\opencl_svm_definitions.hpp">
			<Filter>addons\ofxOpenCv\libs\opencv\include\opencv2\core\opencl\runtime</Filter>
		</ClInclude>
		<ClInclude Include="..\..\..\addons\ofxOpenCv\libs\opencv\include\opencv2\core\opencl\runtime\opencl_svm_hsa_extension.hpp">
			<Filter>addons\ofxOpenCv\libs\opencv\include\opencv2\core\opencl\runtime</Filter>
		</ClInclude>
		<ClInclude Include="..\..\..\addons\ofxOpenCv\libs\opencv\include\opencv2\core\opengl.hpp">
			<Filter>addons\ofxOpenCv\libs\opencv\include\opencv2\core</Filter>
		</ClInclude>
		<ClInclude Include="..\..\..\addons\ofxOpenCv\libs\opencv\include\opencv2\core\operations.hpp">
			<Filter>addons\ofxOpenCv\libs\opencv\include\opencv2\core</Filter>
		</ClInclude>
		<ClInclude Include="..\..\..\addons\ofxOpenCv\libs\opencv\include\opencv2\core\optim.hpp">
			<Filter>addons\ofxOpenCv\libs\opencv\include\opencv2\core</Filter>
		</ClInclude>
		<ClInclude Include="..\..\..\addons\ofxOpenCv\libs\opencv\include\opencv2\core\persistence.hpp">
			<Filter>addons\ofxOpenCv\libs\opencv\include\opencv2\core</Filter>
		</ClInclude>
		<ClInclude Include="..\..\..\addons\ofxOpenCv\libs\opencv\include\opencv2\core\private.cuda.hpp">
			<Filter>addons\ofxOpenCv\libs\opencv\include\opencv2\core</Filter>
		</ClInclude>
		<ClInclude Include="..\..\..\addons\ofxOpenCv\libs\opencv\include\opencv2\core\private.hpp">
			<Filter>addons\ofxOpenCv\libs\opencv\include\opencv2\core</Filter>
		</ClInclude>
		<ClInclude Include="..\..\..\addons\ofxOpenCv\libs\opencv\include\opencv2\core\ptr.inl.hpp">
			<Filter>addons\ofxOpenCv\libs\opencv\include\opencv2\core</Filter>
		</ClInclude>
		<ClInclude Include="..\..\..\addons\ofxOpenCv\libs\opencv\include\opencv2\core\saturate.hpp">
			<Filter>addons\ofxOpenCv\libs\opencv\include\opencv2\core</Filter>
		</ClInclude>
		<ClInclude Include="..\..\..\addons\ofxOpenCv\libs\opencv\include\opencv2\core\sse_utils.hpp">
			<Filter>addons\ofxOpenCv\libs\opencv\include\opencv2\core</Filter>
		</ClInclude>
		<ClInclude Include="..\..\..\addons\ofxOpenCv\libs\opencv\include\opencv2\core\traits.hpp">
			<Filter>addons\ofxOpenCv\libs\opencv\include\opencv2\core</Filter>
		</ClInclude>
		<ClInclude Include="..\..\..\addons\ofxOpenCv\libs\opencv\include\opencv2\core\types.hpp">
			<Filter>addons\ofxOpenCv\libs\opencv\include\opencv2\core</Filter>
		</ClInclude>
		<ClInclude Include="..\..\..\addons\ofxOpenCv\libs\opencv\include\opencv2\core\types_c.h">
			<Filter>addons\ofxOpenCv\libs\opencv\include\opencv2\core</Filter>
		</ClInclude>
		<ClInclude Include="..\..\..\addons\ofxOpenCv\libs\opencv\include\opencv2\core\utility.hpp">
			<Filter>addons\ofxOpenCv\libs\opencv\include\opencv2\core</Filter>
		</ClInclude>
		<ClInclude Include="..\..\..\addons\ofxOpenCv\libs\opencv\include\opencv2\core\va_intel.hpp">
			<Filter>addons\ofxOpenCv\libs\opencv\include\opencv2\core</Filter>
		</ClInclude>
		<ClInclude Include="..\..\..\addons\ofxOpenCv\libs\opencv\include\opencv2\core\version.hpp">
			<Filter>addons\ofxOpenCv\libs\opencv\include\opencv2\core</Filter>
		</ClInclude>
		<ClInclude Include="..\..\..\addons\ofxOpenCv\libs\opencv\include\opencv2\core\wimage.hpp">
			<Filter>addons\ofxOpenCv\libs\opencv\include\opencv2\core</Filter>
		</ClInclude>
		<ClInclude Include="..\..\..\addons\ofxOpenCv\libs\opencv\include\opencv2\core.hpp">
			<Filter>addons\ofxOpenCv\libs\opencv\include\opencv2</Filter>
		</ClInclude>
		<ClInclude Include="..\..\..\addons\ofxOpenCv\libs\opencv\include\opencv2\cudaarithm.hpp">
			<Filter>addons\ofxOpenCv\libs\opencv\include\opencv2</Filter>
		</ClInclude>
		<ClInclude Include="..\..\..\addons\ofxOpenCv\libs\opencv\include\opencv2\cudabgsegm.hpp">
			<Filter>addons\ofxOpenCv\libs\opencv\include\opencv2</Filter>
		</ClInclude>
		<ClInclude Include="..\..\..\addons\ofxOpenCv\libs\opencv\include\opencv2\cudacodec.hpp">
			<Filter>addons\ofxOpenCv\libs\opencv\include\opencv2</Filter>
		</ClInclude>
		<ClInclude Include="..\..\..\addons\ofxOpenCv\libs\opencv\include\opencv2\cudafeatures2d.hpp">
			<Filter>addons\ofxOpenCv\libs\opencv\include\opencv2</Filter>
		</ClInclude>
		<ClInclude Include="..\..\..\addons\ofxOpenCv\libs\opencv\include\opencv2\cudafilters.hpp">
			<Filter>addons\ofxOpenCv\libs\opencv\include\opencv2</Filter>
		</ClInclude>
		<ClInclude Include="..\..\..\addons\ofxOpenCv\libs\opencv\include\opencv2\cudaimgproc.hpp">
			<Filter>addons\ofxOpenCv\libs\opencv\include\opencv2</Filter>
		</ClInclude>
		<ClInclude Include="..\..\..\addons\ofxOpenCv\libs\opencv\include\opencv2\cudalegacy\NCV.hpp">
			<Filter>addons\ofxOpenCv\libs\opencv\include\opencv2\cudalegacy</Filter>
		</ClInclude>
		<ClInclude Include="..\..\..\addons\ofxOpenCv\libs\opencv\include\opencv2\cudalegacy\NCVBroxOpticalFlow.hpp">
			<Filter>addons\ofxOpenCv\libs\opencv\include\opencv2\cudalegacy</Filter>
		</ClInclude>
		<ClInclude Include="..\..\..\addons\ofxOpenCv\libs\opencv\include\opencv2\cudalegacy\NCVHaarObjectDetection.hpp">
			<Filter>addons\ofxOpenCv\libs\opencv\include\opencv2\cudalegacy</Filter>
		</ClInclude>
		<ClInclude Include="..\..\..\addons\ofxOpenCv\libs\opencv\include\opencv2\cudalegacy\NCVPyramid.hpp">
			<Filter>addons\ofxOpenCv\libs\opencv\include\opencv2\cudalegacy</Filter>
		</ClInclude>
		<ClInclude Include="..\..\..\addons\ofxOpenCv\libs\opencv\include\opencv2\cudalegacy\NPP_staging.hpp">
			<Filter>addons\ofxOpenCv\libs\opencv\include\opencv2\cudalegacy</Filter>
		</ClInclude>
		<ClInclude Include="..\..\..\addons\ofxOpenCv\libs\opencv\include\opencv2\cudalegacy\private.hpp">
			<Filter>addons\ofxOpenCv\libs\opencv\include\opencv2\cudalegacy</Filter>
		</ClInclude>
		<ClInclude Include="..\..\..\addons\ofxOpenCv\libs\opencv\include\opencv2\cudalegacy.hpp">
			<Filter>addons\ofxOpenCv\libs\opencv\include\opencv2</Filter>
		</ClInclude>
		<ClInclude Include="..\..\..\addons\ofxOpenCv\libs\opencv\include\opencv2\cudaobjdetect.hpp">
			<Filter>addons\ofxOpenCv\libs\opencv\include\opencv2</Filter>
		</ClInclude>
		<ClInclude Include="..\..\..\addons\ofxOpenCv\libs\opencv\include\opencv2\cudaoptflow.hpp">
			<Filter>addons\ofxOpenCv\libs\opencv\include\opencv2</Filter>
		</ClInclude>
		<ClInclude Include="..\..\..\addons\ofxOpenCv\libs\opencv\include\opencv2\cudastereo.hpp">
			<Filter>addons\ofxOpenCv\libs\opencv\include\opencv2</Filter>
		</ClInclude>
		<ClInclude Include="..\..\..\addons\ofxOpenCv\libs\opencv\include\opencv2\cudawarping.hpp">
			<Filter>addons\ofxOpenCv\libs\opencv\include\opencv2</Filter>
		</ClInclude>
		<ClInclude Include="..\..\..\addons\ofxOpenCv\libs\opencv\include\opencv2\cudev\block\block.hpp">
			<Filter>addons\ofxOpenCv\libs\opencv\include\opencv2\cudev\block</Filter>
		</ClInclude>
		<ClInclude Include="..\..\..\addons\ofxOpenCv\libs\opencv\include\opencv2\cudev\block\detail\reduce.hpp">
			<Filter>addons\ofxOpenCv\libs\opencv\include\opencv2\cudev\block\detail</Filter>
		</ClInclude>
		<ClInclude Include="..\..\..\addons\ofxOpenCv\libs\opencv\include\opencv2\cudev\block\detail\reduce_key_val.hpp">
			<Filter>addons\ofxOpenCv\libs\opencv\include\opencv2\cudev\block\detail</Filter>
		</ClInclude>
		<ClInclude Include="..\..\..\addons\ofxOpenCv\libs\opencv\include\opencv2\cudev\block\dynamic_smem.hpp">
			<Filter>addons\ofxOpenCv\libs\opencv\include\opencv2\cudev\block</Filter>
		</ClInclude>
		<ClInclude Include="..\..\..\addons\ofxOpenCv\libs\opencv\include\opencv2\cudev\block\reduce.hpp">
			<Filter>addons\ofxOpenCv\libs\opencv\include\opencv2\cudev\block</Filter>
		</ClInclude>
		<ClInclude Include="..\..\..\addons\ofxOpenCv\libs\opencv\include\opencv2\cudev\block\scan.hpp">
			<Filter>addons\ofxOpenCv\libs\opencv\include\opencv2\cudev\block</Filter>
		</ClInclude>
		<ClInclude Include="..\..\..\addons\ofxOpenCv\libs\opencv\include\opencv2\cudev\block\vec_distance.hpp">
			<Filter>addons\ofxOpenCv\libs\opencv\include\opencv2\cudev\block</Filter>
		</ClInclude>
		<ClInclude Include="..\..\..\addons\ofxOpenCv\libs\opencv\include\opencv2\cudev\common.hpp">
			<Filter>addons\ofxOpenCv\libs\opencv\include\opencv2\cudev</Filter>
		</ClInclude>
		<ClInclude Include="..\..\..\addons\ofxOpenCv\libs\opencv\include\opencv2\cudev\expr\binary_func.hpp">
			<Filter>addons\ofxOpenCv\libs\opencv\include\opencv2\cudev\expr</Filter>
		</ClInclude>
		<ClInclude Include="..\..\..\addons\ofxOpenCv\libs\opencv\include\opencv2\cudev\expr\binary_op.hpp">
			<Filter>addons\ofxOpenCv\libs\opencv\include\opencv2\cudev\expr</Filter>
		</ClInclude>
		<ClInclude Include="..\..\..\addons\ofxOpenCv\libs\opencv\include\opencv2\cudev\expr\color.hpp">
			<Filter>addons\ofxOpenCv\libs\opencv\include\opencv2\cudev\expr</Filter>
		</ClInclude>
		<ClInclude Include="..\..\..\addons\ofxOpenCv\libs\opencv\include\opencv2\cudev\expr\deriv.hpp">
			<Filter>addons\ofxOpenCv\libs\opencv\include\opencv2\cudev\expr</Filter>
		</ClInclude>
		<ClInclude Include="..\..\..\addons\ofxOpenCv\libs\opencv\include\opencv2\cudev\expr\expr.hpp">
			<Filter>addons\ofxOpenCv\libs\opencv\include\opencv2\cudev\expr</Filter>
		</ClInclude>
		<ClInclude Include="..\..\..\addons\ofxOpenCv\libs\opencv\include\opencv2\cudev\expr\per_element_func.hpp">
			<Filter>addons\ofxOpenCv\libs\opencv\include\opencv2\cudev\expr</Filter>
		</ClInclude>
		<ClInclude Include="..\..\..\addons\ofxOpenCv\libs\opencv\include\opencv2\cudev\expr\reduction.hpp">
			<Filter>addons\ofxOpenCv\libs\opencv\include\opencv2\cudev\expr</Filter>
		</ClInclude>
		<ClInclude Include="..\..\..\addons\ofxOpenCv\libs\opencv\include\opencv2\cudev\expr\unary_func.hpp">
			<Filter>addons\ofxOpenCv\libs\opencv\include\opencv2\cudev\expr</Filter>
		</ClInclude>
		<ClInclude Include="..\..\..\addons\ofxOpenCv\libs\opencv\include\opencv2\cudev\expr\unary_op.hpp">
			<Filter>addons\ofxOpenCv\libs\opencv\include\opencv2\cudev\expr</Filter>
		</ClInclude>
		<ClInclude Include="..\..\..\addons\ofxOpenCv\libs\opencv\include\opencv2\cudev\expr\warping.hpp">
			<Filter>addons\ofxOpenCv\libs\opencv\include\opencv2\cudev\expr</Filter>
		</ClInclude>
		<ClInclude Include="..\..\..\addons\ofxOpenCv\libs\opencv\include\opencv2\cudev\functional\color_cvt.hpp">
			<Filter>addons\ofxOpenCv\libs\opencv\include\opencv2\cudev\functional</Filter>
		</ClInclude>
		<ClInclude Include="..\..\..\addons\ofxOpenCv\libs\opencv\include\opencv2\cudev\functional\detail\color_cvt.hpp">
			<Filter>addons\ofxOpenCv\libs\opencv\include\opencv2\cudev\functional\detail</Filter>
		</ClInclude>
		<ClInclude Include="..\..\..\addons\ofxOpenCv\libs\opencv\include\opencv2\cudev\functional\functional.hpp">
			<Filter>addons\ofxOpenCv\libs\opencv\include\opencv2\cudev\functional</Filter>
		</ClInclude>
		<ClInclude Include="..\..\..\addons\ofxOpenCv\libs\opencv\include\opencv2\cudev\functional\tuple_adapter.hpp">
			<Filter>addons\ofxOpenCv\libs\opencv\include\opencv2\cudev\functional</Filter>
		</ClInclude>
		<ClInclude Include="..\..\..\addons\ofxOpenCv\libs\opencv\include\opencv2\cudev\grid\copy.hpp">
			<Filter>addons\ofxOpenCv\libs\opencv\include\opencv2\cudev\grid</Filter>
		</ClInclude>
		<ClInclude Include="..\..\..\addons\ofxOpenCv\libs\opencv\include\opencv2\cudev\grid\detail\copy.hpp">
			<Filter>addons\ofxOpenCv\libs\opencv\include\opencv2\cudev\grid\detail</Filter>
		</ClInclude>
		<ClInclude Include="..\..\..\addons\ofxOpenCv\libs\opencv\include\opencv2\cudev\grid\detail\histogram.hpp">
			<Filter>addons\ofxOpenCv\libs\opencv\include\opencv2\cudev\grid\detail</Filter>
		</ClInclude>
		<ClInclude Include="..\..\..\addons\ofxOpenCv\libs\opencv\include\opencv2\cudev\grid\detail\integral.hpp">
			<Filter>addons\ofxOpenCv\libs\opencv\include\opencv2\cudev\grid\detail</Filter>
		</ClInclude>
		<ClInclude Include="..\..\..\addons\ofxOpenCv\libs\opencv\include\opencv2\cudev\grid\detail\minmaxloc.hpp">
			<Filter>addons\ofxOpenCv\libs\opencv\include\opencv2\cudev\grid\detail</Filter>
		</ClInclude>
		<ClInclude Include="..\..\..\addons\ofxOpenCv\libs\opencv\include\opencv2\cudev\grid\detail\pyr_down.hpp">
			<Filter>addons\ofxOpenCv\libs\opencv\include\opencv2\cudev\grid\detail</Filter>
		</ClInclude>
		<ClInclude Include="..\..\..\addons\ofxOpenCv\libs\opencv\include\opencv2\cudev\grid\detail\pyr_up.hpp">
			<Filter>addons\ofxOpenCv\libs\opencv\include\opencv2\cudev\grid\detail</Filter>
		</ClInclude>
		<ClInclude Include="..\..\..\addons\ofxOpenCv\libs\opencv\include\opencv2\cudev\grid\detail\reduce.hpp">
			<Filter>addons\ofxOpenCv\libs\opencv\include\opencv2\cudev\grid\detail</Filter>
		</ClInclude>
		<ClInclude Include="..\..\..\addons\ofxOpenCv\libs\opencv\include\opencv2\cudev\grid\detail\reduce_to_column.hpp">
			<Filter>addons\ofxOpenCv\libs\opencv\include\opencv2\cudev\grid\detail</Filter>
		</ClInclude>
		<ClInclude Include="..\..\..\addons\ofxOpenCv\libs\opencv\include\opencv2\cudev\grid\detail\reduce_to_row.hpp">
			<Filter>addons\ofxOpenCv\libs\opencv\include\opencv2\cudev\grid\detail</Filter>
		</ClInclude>
		<ClInclude Include="..\..\..\addons\ofxOpenCv\libs\opencv\include\opencv2\cudev\grid\detail\split_merge.hpp">
			<Filter>addons\ofxOpenCv\libs\opencv\include\opencv2\cudev\grid\detail</Filter>
		</ClInclude>
		<ClInclude Include="..\..\..\addons\ofxOpenCv\libs\opencv\include\opencv2\cudev\grid\detail\transform.hpp">
			<Filter>addons\ofxOpenCv\libs\opencv\include\opencv2\cudev\grid\detail</Filter>
		</ClInclude>
		<ClInclude Include="..\..\..\addons\ofxOpenCv\libs\opencv\include\opencv2\cudev\grid\detail\transpose.hpp">
			<Filter>addons\ofxOpenCv\libs\opencv\include\opencv2\cudev\grid\detail</Filter>
		</ClInclude>
		<ClInclude Include="..\..\..\addons\ofxOpenCv\libs\opencv\include\opencv2\cudev\grid\histogram.hpp">
			<Filter>addons\ofxOpenCv\libs\opencv\include\opencv2\cudev\grid</Filter>
		</ClInclude>
		<ClInclude Include="..\..\..\addons\ofxOpenCv\libs\opencv\include\opencv2\cudev\grid\integral.hpp">
			<Filter>addons\ofxOpenCv\libs\opencv\include\opencv2\cudev\grid</Filter>
		</ClInclude>
		<ClInclude Include="..\..\..\addons\ofxOpenCv\libs\opencv\include\opencv2\cudev\grid\pyramids.hpp">
			<Filter>addons\ofxOpenCv\libs\opencv\include\opencv2\cudev\grid</Filter>
		</ClInclude>
		<ClInclude Include="..\..\..\addons\ofxOpenCv\libs\opencv\include\opencv2\cudev\grid\reduce.hpp">
			<Filter>addons\ofxOpenCv\libs\opencv\include\opencv2\cudev\grid</Filter>
		</ClInclude>
		<ClInclude Include="..\..\..\addons\ofxOpenCv\libs\opencv\include\opencv2\cudev\grid\reduce_to_vec.hpp">
			<Filter>addons\ofxOpenCv\libs\opencv\include\opencv2\cudev\grid</Filter>
		</ClInclude>
		<ClInclude Include="..\..\..\addons\ofxOpenCv\libs\opencv\include\opencv2\cudev\grid\split_merge.hpp">
			<Filter>addons\ofxOpenCv\libs\opencv\include\opencv2\cudev\grid</Filter>
		</ClInclude>
		<ClInclude Include="..\..\..\addons\ofxOpenCv\libs\opencv\include\opencv2\cudev\grid\transform.hpp">
			<Filter>addons\ofxOpenCv\libs\opencv\include\opencv2\cudev\grid</Filter>
		</ClInclude>
		<ClInclude Include="..\..\..\addons\ofxOpenCv\libs\opencv\include\opencv2\cudev\grid\transpose.hpp">
			<Filter>addons\ofxOpenCv\libs\opencv\include\opencv2\cudev\grid</Filter>
		</ClInclude>
		<ClInclude Include="..\..\..\addons\ofxOpenCv\libs\opencv\include\opencv2\cudev\ptr2d\constant.hpp">
			<Filter>addons\ofxOpenCv\libs\opencv\include\opencv2\cudev\ptr2d</Filter>
		</ClInclude>
		<ClInclude Include="..\..\..\addons\ofxOpenCv\libs\opencv\include\opencv2\cudev\ptr2d\deriv.hpp">
			<Filter>addons\ofxOpenCv\libs\opencv\include\opencv2\cudev\ptr2d</Filter>
		</ClInclude>
		<ClInclude Include="..\..\..\addons\ofxOpenCv\libs\opencv\include\opencv2\cudev\ptr2d\detail\gpumat.hpp">
			<Filter>addons\ofxOpenCv\libs\opencv\include\opencv2\cudev\ptr2d\detail</Filter>
		</ClInclude>
		<ClInclude Include="..\..\..\addons\ofxOpenCv\libs\opencv\include\opencv2\cudev\ptr2d\extrapolation.hpp">
			<Filter>addons\ofxOpenCv\libs\opencv\include\opencv2\cudev\ptr2d</Filter>
		</ClInclude>
		<ClInclude Include="..\..\..\addons\ofxOpenCv\libs\opencv\include\opencv2\cudev\ptr2d\glob.hpp">
			<Filter>addons\ofxOpenCv\libs\opencv\include\opencv2\cudev\ptr2d</Filter>
		</ClInclude>
		<ClInclude Include="..\..\..\addons\ofxOpenCv\libs\opencv\include\opencv2\cudev\ptr2d\gpumat.hpp">
			<Filter>addons\ofxOpenCv\libs\opencv\include\opencv2\cudev\ptr2d</Filter>
		</ClInclude>
		<ClInclude Include="..\..\..\addons\ofxOpenCv\libs\opencv\include\opencv2\cudev\ptr2d\interpolation.hpp">
			<Filter>addons\ofxOpenCv\libs\opencv\include\opencv2\cudev\ptr2d</Filter>
		</ClInclude>
		<ClInclude Include="..\..\..\addons\ofxOpenCv\libs\opencv\include\opencv2\cudev\ptr2d\lut.hpp">
			<Filter>addons\ofxOpenCv\libs\opencv\include\opencv2\cudev\ptr2d</Filter>
		</ClInclude>
		<ClInclude Include="..\..\..\addons\ofxOpenCv\libs\opencv\include\opencv2\cudev\ptr2d\mask.hpp">
			<Filter>addons\ofxOpenCv\libs\opencv\include\opencv2\cudev\ptr2d</Filter>
		</ClInclude>
		<ClInclude Include="..\..\..\addons\ofxOpenCv\libs\opencv\include\opencv2\cudev\ptr2d\remap.hpp">
			<Filter>addons\ofxOpenCv\libs\opencv\include\opencv2\cudev\ptr2d</Filter>
		</ClInclude>
		<ClInclude Include="..\..\..\addons\ofxOpenCv\libs\opencv\include\opencv2\cudev\ptr2d\resize.hpp">
			<Filter>addons\ofxOpenCv\libs\opencv\include\opencv2\cudev\ptr2d</Filter>
		</ClInclude>
		<ClInclude Include="..\..\..\addons\ofxOpenCv\libs\opencv\include\opencv2\cudev\ptr2d\texture.hpp">
			<Filter>addons\ofxOpenCv\libs\opencv\include\opencv2\cudev\ptr2d</Filter>
		</ClInclude>
		<ClInclude Include="..\..\..\addons\ofxOpenCv\libs\opencv\include\opencv2\cudev\ptr2d\traits.hpp">
			<Filter>addons\ofxOpenCv\libs\opencv\include\opencv2\cudev\ptr2d</Filter>
		</ClInclude>
		<ClInclude Include="..\..\..\addons\ofxOpenCv\libs\opencv\include\opencv2\cudev\ptr2d\transform.hpp">
			<Filter>addons\ofxOpenCv\libs\opencv\include\opencv2\cudev\ptr2d</Filter>
		</ClInclude>
		<ClInclude Include="..\..\..\addons\ofxOpenCv\libs\opencv\include\opencv2\cudev\ptr2d\warping.hpp">
			<Filter>addons\ofxOpenCv\libs\opencv\include\opencv2\cudev\ptr2d</Filter>
		</ClInclude>
		<ClInclude Include="..\..\..\addons\ofxOpenCv\libs\opencv\include\opencv2\cudev\ptr2d\zip.hpp">
			<Filter>addons\ofxOpenCv\libs\opencv\include\opencv2\cudev\ptr2d</Filter>
		</ClInclude>
		<ClInclude Include="..\..\..\addons\ofxOpenCv\libs\opencv\include\opencv2\cudev\util\atomic.hpp">
			<Filter>addons\ofxOpenCv\libs\opencv\include\opencv2\cudev\util</Filter>
		</ClInclude>
		<ClInclude Include="..\..\..\addons\ofxOpenCv\libs\opencv\include\opencv2\cudev\util\detail\tuple.hpp">
			<Filter>addons\ofxOpenCv\libs\opencv\include\opencv2\cudev\util\detail</Filter>
		</ClInclude>
		<ClInclude Include="..\..\..\addons\ofxOpenCv\libs\opencv\include\opencv2\cudev\util\detail\type_traits.hpp">
			<Filter>addons\ofxOpenCv\libs\opencv\include\opencv2\cudev\util\detail</Filter>
		</ClInclude>
		<ClInclude Include="..\..\..\addons\ofxOpenCv\libs\opencv\include\opencv2\cudev\util\limits.hpp">
			<Filter>addons\ofxOpenCv\libs\opencv\include\opencv2\cudev\util</Filter>
		</ClInclude>
		<ClInclude Include="..\..\..\addons\ofxOpenCv\libs\opencv\include\opencv2\cudev\util\saturate_cast.hpp">
			<Filter>addons\ofxOpenCv\libs\opencv\include\opencv2\cudev\util</Filter>
		</ClInclude>
		<ClInclude Include="..\..\..\addons\ofxOpenCv\libs\opencv\include\opencv2\cudev\util\simd_functions.hpp">
			<Filter>addons\ofxOpenCv\libs\opencv\include\opencv2\cudev\util</Filter>
		</ClInclude>
		<ClInclude Include="..\..\..\addons\ofxOpenCv\libs\opencv\include\opencv2\cudev\util\tuple.hpp">
			<Filter>addons\ofxOpenCv\libs\opencv\include\opencv2\cudev\util</Filter>
		</ClInclude>
		<ClInclude Include="..\..\..\addons\ofxOpenCv\libs\opencv\include\opencv2\cudev\util\type_traits.hpp">
			<Filter>addons\ofxOpenCv\libs\opencv\include\opencv2\cudev\util</Filter>
		</ClInclude>
		<ClInclude Include="..\..\..\addons\ofxOpenCv\libs\opencv\include\opencv2\cudev\util\vec_math.hpp">
			<Filter>addons\ofxOpenCv\libs\opencv\include\opencv2\cudev\util</Filter>
		</ClInclude>
		<ClInclude Include="..\..\..\addons\ofxOpenCv\libs\opencv\include\opencv2\cudev\util\vec_traits.hpp">
			<Filter>addons\ofxOpenCv\libs\opencv\include\opencv2\cudev\util</Filter>
		</ClInclude>
		<ClInclude Include="..\..\..\addons\ofxOpenCv\libs\opencv\include\opencv2\cudev\warp\detail\reduce.hpp">
			<Filter>addons\ofxOpenCv\libs\opencv\include\opencv2\cudev\warp\detail</Filter>
		</ClInclude>
		<ClInclude Include="..\..\..\addons\ofxOpenCv\libs\opencv\include\opencv2\cudev\warp\detail\reduce_key_val.hpp">
			<Filter>addons\ofxOpenCv\libs\opencv\include\opencv2\cudev\warp\detail</Filter>
		</ClInclude>
		<ClInclude Include="..\..\..\addons\ofxOpenCv\libs\opencv\include\opencv2\cudev\warp\reduce.hpp">
			<Filter>addons\ofxOpenCv\libs\opencv\include\opencv2\cudev\warp</Filter>
		</ClInclude>
		<ClInclude Include="..\..\..\addons\ofxOpenCv\libs\opencv\include\opencv2\cudev\warp\scan.hpp">
			<Filter>addons\ofxOpenCv\libs\opencv\include\opencv2\cudev\warp</Filter>
		</ClInclude>
		<ClInclude Include="..\..\..\addons\ofxOpenCv\libs\opencv\include\opencv2\cudev\warp\shuffle.hpp">
			<Filter>addons\ofxOpenCv\libs\opencv\include\opencv2\cudev\warp</Filter>
		</ClInclude>
		<ClInclude Include="..\..\..\addons\ofxOpenCv\libs\opencv\include\opencv2\cudev\warp\warp.hpp">
			<Filter>addons\ofxOpenCv\libs\opencv\include\opencv2\cudev\warp</Filter>
		</ClInclude>
		<ClInclude Include="..\..\..\addons\ofxOpenCv\libs\opencv\include\opencv2\cudev.hpp">
			<Filter>addons\ofxOpenCv\libs\opencv\include\opencv2</Filter>
		</ClInclude>
		<ClInclude Include="..\..\..\addons\ofxOpenCv\libs\opencv\include\opencv2\features2d\features2d.hpp">
			<Filter>addons\ofxOpenCv\libs\opencv\include\opencv2\features2d</Filter>
		</ClInclude>
		<ClInclude Include="..\..\..\addons\ofxOpenCv\libs\opencv\include\opencv2\features2d.hpp">
			<Filter>addons\ofxOpenCv\libs\opencv\include\opencv2</Filter>
		</ClInclude>
		<ClInclude Include="..\..\..\addons\ofxOpenCv\libs\opencv\include\opencv2\flann\allocator.h">
			<Filter>addons\ofxOpenCv\libs\opencv\include\opencv2\flann</Filter>
		</ClInclude>
		<ClInclude Include="..\..\..\addons\ofxOpenCv\libs\opencv\include\opencv2\flann\all_indices.h">
			<Filter>addons\ofxOpenCv\libs\opencv\include\opencv2\flann</Filter>
		</ClInclude>
		<ClInclude Include="..\..\..\addons\ofxOpenCv\libs\opencv\include\opencv2\flann\any.h">
			<Filter>addons\ofxOpenCv\libs\opencv\include\opencv2\flann</Filter>
		</ClInclude>
		<ClInclude Include="..\..\..\addons\ofxOpenCv\libs\opencv\include\opencv2\flann\autotuned_index.h">
			<Filter>addons\ofxOpenCv\libs\opencv\include\opencv2\flann</Filter>
		</ClInclude>
		<ClInclude Include="..\..\..\addons\ofxOpenCv\libs\opencv\include\opencv2\flann\composite_index.h">
			<Filter>addons\ofxOpenCv\libs\opencv\include\opencv2\flann</Filter>
		</ClInclude>
		<ClInclude Include="..\..\..\addons\ofxOpenCv\libs\opencv\include\opencv2\flann\config.h">
			<Filter>addons\ofxOpenCv\libs\opencv\include\opencv2\flann</Filter>
		</ClInclude>
		<ClInclude Include="..\..\..\addons\ofxOpenCv\libs\opencv\include\opencv2\flann\defines.h">
			<Filter>addons\ofxOpenCv\libs\opencv\include\opencv2\flann</Filter>
		</ClInclude>
		<ClInclude Include="..\..\..\addons\ofxOpenCv\libs\opencv\include\opencv2\flann\dist.h">
			<Filter>addons\ofxOpenCv\libs\opencv\include\opencv2\flann</Filter>
		</ClInclude>
		<ClInclude Include="..\..\..\addons\ofxOpenCv\libs\opencv\include\opencv2\flann\dummy.h">
			<Filter>addons\ofxOpenCv\libs\opencv\include\opencv2\flann</Filter>
		</ClInclude>
		<ClInclude Include="..\..\..\addons\ofxOpenCv\libs\opencv\include\opencv2\flann\dynamic_bitset.h">
			<Filter>addons\ofxOpenCv\libs\opencv\include\opencv2\flann</Filter>
		</ClInclude>
		<ClInclude Include="..\..\..\addons\ofxOpenCv\libs\opencv\include\opencv2\flann\flann.hpp">
			<Filter>addons\ofxOpenCv\libs\opencv\include\opencv2\flann</Filter>
		</ClInclude>
		<ClInclude Include="..\..\..\addons\ofxOpenCv\libs\opencv\include\opencv2\flann\flann_base.hpp">
			<Filter>addons\ofxOpenCv\libs\opencv\include\opencv2\flann</Filter>
		</ClInclude>
		<ClInclude Include="..\..\..\addons\ofxOpenCv\libs\opencv\include\opencv2\flann\general.h">
			<Filter>addons\ofxOpenCv\libs\opencv\include\opencv2\flann</Filter>
		</ClInclude>
		<ClInclude Include="..\..\..\addons\ofxOpenCv\libs\opencv\include\opencv2\flann\ground_truth.h">
			<Filter>addons\ofxOpenCv\libs\opencv\include\opencv2\flann</Filter>
		</ClInclude>
		<ClInclude Include="..\..\..\addons\ofxOpenCv\libs\opencv\include\opencv2\flann\hdf5.h">
			<Filter>addons\ofxOpenCv\libs\opencv\include\opencv2\flann</Filter>
		</ClInclude>
		<ClInclude Include="..\..\..\addons\ofxOpenCv\libs\opencv\include\opencv2\flann\heap.h">
			<Filter>addons\ofxOpenCv\libs\opencv\include\opencv2\flann</Filter>
		</ClInclude>
		<ClInclude Include="..\..\..\addons\ofxOpenCv\libs\opencv\include\opencv2\flann\hierarchical_clustering_index.h">
			<Filter>addons\ofxOpenCv\libs\opencv\include\opencv2\flann</Filter>
		</ClInclude>
		<ClInclude Include="..\..\..\addons\ofxOpenCv\libs\opencv\include\opencv2\flann\index_testing.h">
			<Filter>addons\ofxOpenCv\libs\opencv\include\opencv2\flann</Filter>
		</ClInclude>
		<ClInclude Include="..\..\..\addons\ofxOpenCv\libs\opencv\include\opencv2\flann\kdtree_index.h">
			<Filter>addons\ofxOpenCv\libs\opencv\include\opencv2\flann</Filter>
		</ClInclude>
		<ClInclude Include="..\..\..\addons\ofxOpenCv\libs\opencv\include\opencv2\flann\kdtree_single_index.h">
			<Filter>addons\ofxOpenCv\libs\opencv\include\opencv2\flann</Filter>
		</ClInclude>
		<ClInclude Include="..\..\..\addons\ofxOpenCv\libs\opencv\include\opencv2\flann\kmeans_index.h">
			<Filter>addons\ofxOpenCv\libs\opencv\include\opencv2\flann</Filter>
		</ClInclude>
		<ClInclude Include="..\..\..\addons\ofxOpenCv\libs\opencv\include\opencv2\flann\linear_index.h">
			<Filter>addons\ofxOpenCv\libs\opencv\include\opencv2\flann</Filter>
		</ClInclude>
		<ClInclude Include="..\..\..\addons\ofxOpenCv\libs\opencv\include\opencv2\flann\logger.h">
			<Filter>addons\ofxOpenCv\libs\opencv\include\opencv2\flann</Filter>
		</ClInclude>
		<ClInclude Include="..\..\..\addons\ofxOpenCv\libs\opencv\include\opencv2\flann\lsh_index.h">
			<Filter>addons\ofxOpenCv\libs\opencv\include\opencv2\flann</Filter>
		</ClInclude>
		<ClInclude Include="..\..\..\addons\ofxOpenCv\libs\opencv\include\opencv2\flann\lsh_table.h">
			<Filter>addons\ofxOpenCv\libs\opencv\include\opencv2\flann</Filter>
		</ClInclude>
		<ClInclude Include="..\..\..\addons\ofxOpenCv\libs\opencv\include\opencv2\flann\matrix.h">
			<Filter>addons\ofxOpenCv\libs\opencv\include\opencv2\flann</Filter>
		</ClInclude>
		<ClInclude Include="..\..\..\addons\ofxOpenCv\libs\opencv\include\opencv2\flann\miniflann.hpp">
			<Filter>addons\ofxOpenCv\libs\opencv\include\opencv2\flann</Filter>
		</ClInclude>
		<ClInclude Include="..\..\..\addons\ofxOpenCv\libs\opencv\include\opencv2\flann\nn_index.h">
			<Filter>addons\ofxOpenCv\libs\opencv\include\opencv2\flann</Filter>
		</ClInclude>
		<ClInclude Include="..\..\..\addons\ofxOpenCv\libs\opencv\include\opencv2\flann\object_factory.h">
			<Filter>addons\ofxOpenCv\libs\opencv\include\opencv2\flann</Filter>
		</ClInclude>
		<ClInclude Include="..\..\..\addons\ofxOpenCv\libs\opencv\include\opencv2\flann\params.h">
			<Filter>addons\ofxOpenCv\libs\opencv\include\opencv2\flann</Filter>
		</ClInclude>
		<ClInclude Include="..\..\..\addons\ofxOpenCv\libs\opencv\include\opencv2\flann\random.h">
			<Filter>addons\ofxOpenCv\libs\opencv\include\opencv2\flann</Filter>
		</ClInclude>
		<ClInclude Include="..\..\..\addons\ofxOpenCv\libs\opencv\include\opencv2\flann\result_set.h">
			<Filter>addons\ofxOpenCv\libs\opencv\include\opencv2\flann</Filter>
		</ClInclude>
		<ClInclude Include="..\..\..\addons\ofxOpenCv\libs\opencv\include\opencv2\flann\sampling.h">
			<Filter>addons\ofxOpenCv\libs\opencv\include\opencv2\flann</Filter>
		</ClInclude>
		<ClInclude Include="..\..\..\addons\ofxOpenCv\libs\opencv\include\opencv2\flann\saving.h">
			<Filter>addons\ofxOpenCv\libs\opencv\include\opencv2\flann</Filter>
		</ClInclude>
		<ClInclude Include="..\..\..\addons\ofxOpenCv\libs\opencv\include\opencv2\flann\simplex_downhill.h">
			<Filter>addons\ofxOpenCv\libs\opencv\include\opencv2\flann</Filter>
		</ClInclude>
		<ClInclude Include="..\..\..\addons\ofxOpenCv\libs\opencv\include\opencv2\flann\timer.h">
			<Filter>addons\ofxOpenCv\libs\opencv\include\opencv2\flann</Filter>
		</ClInclude>
		<ClInclude Include="..\..\..\addons\ofxOpenCv\libs\opencv\include\opencv2\flann.hpp">
			<Filter>addons\ofxOpenCv\libs\opencv\include\opencv2</Filter>
		</ClInclude>
		<ClInclude Include="..\..\..\addons\ofxOpenCv\libs\opencv\include\opencv2\highgui\highgui.hpp">
			<Filter>addons\ofxOpenCv\libs\opencv\include\opencv2\highgui</Filter>
		</ClInclude>
		<ClInclude Include="..\..\..\addons\ofxOpenCv\libs\opencv\include\opencv2\highgui\highgui_c.h">
			<Filter>addons\ofxOpenCv\libs\opencv\include\opencv2\highgui</Filter>
		</ClInclude>
		<ClInclude Include="..\..\..\addons\ofxOpenCv\libs\opencv\include\opencv2\highgui\highgui_winrt.hpp">
			<Filter>addons\ofxOpenCv\libs\opencv\include\opencv2\highgui</Filter>
		</ClInclude>
		<ClInclude Include="..\..\..\addons\ofxOpenCv\libs\opencv\include\opencv2\highgui.hpp">
			<Filter>addons\ofxOpenCv\libs\opencv\include\opencv2</Filter>
		</ClInclude>
		<ClInclude Include="..\..\..\addons\ofxOpenCv\libs\opencv\include\opencv2\imgcodecs\imgcodecs.hpp">
			<Filter>addons\ofxOpenCv\libs\opencv\include\opencv2\imgcodecs</Filter>
		</ClInclude>
		<ClInclude Include="..\..\..\addons\ofxOpenCv\libs\opencv\include\opencv2\imgcodecs\imgcodecs_c.h">
			<Filter>addons\ofxOpenCv\libs\opencv\include\opencv2\imgcodecs</Filter>
		</ClInclude>
		<ClInclude Include="..\..\..\addons\ofxOpenCv\libs\opencv\include\opencv2\imgcodecs\ios.h">
			<Filter>addons\ofxOpenCv\libs\opencv\include\opencv2\imgcodecs</Filter>
		</ClInclude>
		<ClInclude Include="..\..\..\addons\ofxOpenCv\libs\opencv\include\opencv2\imgcodecs.hpp">
			<Filter>addons\ofxOpenCv\libs\opencv\include\opencv2</Filter>
		</ClInclude>
		<ClInclude Include="..\..\..\addons\ofxOpenCv\libs\opencv\include\opencv2\imgproc\detail\distortion_model.hpp">
			<Filter>addons\ofxOpenCv\libs\opencv\include\opencv2\imgproc\detail</Filter>
		</ClInclude>
		<ClInclude Include="..\..\..\addons\ofxOpenCv\libs\opencv\include\opencv2\imgproc\imgproc.hpp">
			<Filter>addons\ofxOpenCv\libs\opencv\include\opencv2\imgproc</Filter>
		</ClInclude>
		<ClInclude Include="..\..\..\addons\ofxOpenCv\libs\opencv\include\opencv2\imgproc\imgproc_c.h">
			<Filter>addons\ofxOpenCv\libs\opencv\include\opencv2\imgproc</Filter>
		</ClInclude>
		<ClInclude Include="..\..\..\addons\ofxOpenCv\libs\opencv\include\opencv2\imgproc\types_c.h">
			<Filter>addons\ofxOpenCv\libs\opencv\include\opencv2\imgproc</Filter>
		</ClInclude>
		<ClInclude Include="..\..\..\addons\ofxOpenCv\libs\opencv\include\opencv2\imgproc.hpp">
			<Filter>addons\ofxOpenCv\libs\opencv\include\opencv2</Filter>
		</ClInclude>
		<ClInclude Include="..\..\..\addons\ofxOpenCv\libs\opencv\include\opencv2\ml\ml.hpp">
			<Filter>addons\ofxOpenCv\libs\opencv\include\opencv2\ml</Filter>
		</ClInclude>
		<ClInclude Include="..\..\..\addons\ofxOpenCv\libs\opencv\include\opencv2\ml.hpp">
			<Filter>addons\ofxOpenCv\libs\opencv\include\opencv2</Filter>
		</ClInclude>
		<ClInclude Include="..\..\..\addons\ofxOpenCv\libs\opencv\include\opencv2\objdetect\detection_based_tracker.hpp">
			<Filter>addons\ofxOpenCv\libs\opencv\include\opencv2\objdetect</Filter>
		</ClInclude>
		<ClInclude Include="..\..\..\addons\ofxOpenCv\libs\opencv\include\opencv2\objdetect\objdetect.hpp">
			<Filter>addons\ofxOpenCv\libs\opencv\include\opencv2\objdetect</Filter>
		</ClInclude>
		<ClInclude Include="..\..\..\addons\ofxOpenCv\libs\opencv\include\opencv2\objdetect\objdetect_c.h">
			<Filter>addons\ofxOpenCv\libs\opencv\include\opencv2\objdetect</Filter>
		</ClInclude>
		<ClInclude Include="..\..\..\addons\ofxOpenCv\libs\opencv\include\opencv2\objdetect.hpp">
			<Filter>addons\ofxOpenCv\libs\opencv\include\opencv2</Filter>
		</ClInclude>
		<ClInclude Include="..\..\..\addons\ofxOpenCv\libs\opencv\include\opencv2\opencv.hpp">
			<Filter>addons\ofxOpenCv\libs\opencv\include\opencv2</Filter>
		</ClInclude>
		<ClInclude Include="..\..\..\addons\ofxOpenCv\libs\opencv\include\opencv2\photo\cuda.hpp">
			<Filter>addons\ofxOpenCv\libs\opencv\include\opencv2\photo</Filter>
		</ClInclude>
		<ClInclude Include="..\..\..\addons\ofxOpenCv\libs\opencv\include\opencv2\photo\photo.hpp">
			<Filter>addons\ofxOpenCv\libs\opencv\include\opencv2\photo</Filter>
		</ClInclude>
		<ClInclude Include="..\..\..\addons\ofxOpenCv\libs\opencv\include\opencv2\photo\photo_c.h">
			<Filter>addons\ofxOpenCv\libs\opencv\include\opencv2\photo</Filter>
		</ClInclude>
		<ClInclude Include="..\..\..\addons\ofxOpenCv\libs\opencv\include\opencv2\photo.hpp">
			<Filter>addons\ofxOpenCv\libs\opencv\include\opencv2</Filter>
		</ClInclude>
		<ClInclude Include="..\..\..\addons\ofxOpenCv\libs\opencv\include\opencv2\shape\emdL1.hpp">
			<Filter>addons\ofxOpenCv\libs\opencv\include\opencv2\shape</Filter>
		</ClInclude>
		<ClInclude Include="..\..\..\addons\ofxOpenCv\libs\opencv\include\opencv2\shape\hist_cost.hpp">
			<Filter>addons\ofxOpenCv\libs\opencv\include\opencv2\shape</Filter>
		</ClInclude>
		<ClInclude Include="..\..\..\addons\ofxOpenCv\libs\opencv\include\opencv2\shape\shape.hpp">
			<Filter>addons\ofxOpenCv\libs\opencv\include\opencv2\shape</Filter>
		</ClInclude>
		<ClInclude Include="..\..\..\addons\ofxOpenCv\libs\opencv\include\opencv2\shape\shape_distance.hpp">
			<Filter>addons\ofxOpenCv\libs\opencv\include\opencv2\shape</Filter>
		</ClInclude>
		<ClInclude Include="..\..\..\addons\ofxOpenCv\libs\opencv\include\opencv2\shape\shape_transformer.hpp">
			<Filter>addons\ofxOpenCv\libs\opencv\include\opencv2\shape</Filter>
		</ClInclude>
		<ClInclude Include="..\..\..\addons\ofxOpenCv\libs\opencv\include\opencv2\shape.hpp">
			<Filter>addons\ofxOpenCv\libs\opencv\include\opencv2</Filter>
		</ClInclude>
		<ClInclude Include="..\..\..\addons\ofxOpenCv\libs\opencv\include\opencv2\stitching\detail\autocalib.hpp">
			<Filter>addons\ofxOpenCv\libs\opencv\include\opencv2\stitching\detail</Filter>
		</ClInclude>
		<ClInclude Include="..\..\..\addons\ofxOpenCv\libs\opencv\include\opencv2\stitching\detail\blenders.hpp">
			<Filter>addons\ofxOpenCv\libs\opencv\include\opencv2\stitching\detail</Filter>
		</ClInclude>
		<ClInclude Include="..\..\..\addons\ofxOpenCv\libs\opencv\include\opencv2\stitching\detail\camera.hpp">
			<Filter>addons\ofxOpenCv\libs\opencv\include\opencv2\stitching\detail</Filter>
		</ClInclude>
		<ClInclude Include="..\..\..\addons\ofxOpenCv\libs\opencv\include\opencv2\stitching\detail\exposure_compensate.hpp">
			<Filter>addons\ofxOpenCv\libs\opencv\include\opencv2\stitching\detail</Filter>
		</ClInclude>
		<ClInclude Include="..\..\..\addons\ofxOpenCv\libs\opencv\include\opencv2\stitching\detail\matchers.hpp">
			<Filter>addons\ofxOpenCv\libs\opencv\include\opencv2\stitching\detail</Filter>
		</ClInclude>
		<ClInclude Include="..\..\..\addons\ofxOpenCv\libs\opencv\include\opencv2\stitching\detail\motion_estimators.hpp">
			<Filter>addons\ofxOpenCv\libs\opencv\include\opencv2\stitching\detail</Filter>
		</ClInclude>
		<ClInclude Include="..\..\..\addons\ofxOpenCv\libs\opencv\include\opencv2\stitching\detail\seam_finders.hpp">
			<Filter>addons\ofxOpenCv\libs\opencv\include\opencv2\stitching\detail</Filter>
		</ClInclude>
		<ClInclude Include="..\..\..\addons\ofxOpenCv\libs\opencv\include\opencv2\stitching\detail\timelapsers.hpp">
			<Filter>addons\ofxOpenCv\libs\opencv\include\opencv2\stitching\detail</Filter>
		</ClInclude>
		<ClInclude Include="..\..\..\addons\ofxOpenCv\libs\opencv\include\opencv2\stitching\detail\util.hpp">
			<Filter>addons\ofxOpenCv\libs\opencv\include\opencv2\stitching\detail</Filter>
		</ClInclude>
		<ClInclude Include="..\..\..\addons\ofxOpenCv\libs\opencv\include\opencv2\stitching\detail\util_inl.hpp">
			<Filter>addons\ofxOpenCv\libs\opencv\include\opencv2\stitching\detail</Filter>
		</ClInclude>
		<ClInclude Include="..\..\..\addons\ofxOpenCv\libs\opencv\include\opencv2\stitching\detail\warpers.hpp">
			<Filter>addons\ofxOpenCv\libs\opencv\include\opencv2\stitching\detail</Filter>
		</ClInclude>
		<ClInclude Include="..\..\..\addons\ofxOpenCv\libs\opencv\include\opencv2\stitching\detail\warpers_inl.hpp">
			<Filter>addons\ofxOpenCv\libs\opencv\include\opencv2\stitching\detail</Filter>
		</ClInclude>
		<ClInclude Include="..\..\..\addons\ofxOpenCv\libs\opencv\include\opencv2\stitching\warpers.hpp">
			<Filter>addons\ofxOpenCv\libs\opencv\include\opencv2\stitching</Filter>
		</ClInclude>
		<ClInclude Include="..\..\..\addons\ofxOpenCv\libs\opencv\include\opencv2\stitching.hpp">
			<Filter>addons\ofxOpenCv\libs\opencv\include\opencv2</Filter>
		</ClInclude>
		<ClInclude Include="..\..\..\addons\ofxOpenCv\libs\opencv\include\opencv2\superres\optical_flow.hpp">
			<Filter>addons\ofxOpenCv\libs\opencv\include\opencv2\superres</Filter>
		</ClInclude>
		<ClInclude Include="..\..\..\addons\ofxOpenCv\libs\opencv\include\opencv2\superres.hpp">
			<Filter>addons\ofxOpenCv\libs\opencv\include\opencv2</Filter>
		</ClInclude>
		<ClInclude Include="..\..\..\addons\ofxOpenCv\libs\opencv\include\opencv2\ts\cuda_perf.hpp">
			<Filter>addons\ofxOpenCv\libs\opencv\include\opencv2\ts</Filter>
		</ClInclude>
		<ClInclude Include="..\..\..\addons\ofxOpenCv\libs\opencv\include\opencv2\ts\cuda_test.hpp">
			<Filter>addons\ofxOpenCv\libs\opencv\include\opencv2\ts</Filter>
		</ClInclude>
		<ClInclude Include="..\..\..\addons\ofxOpenCv\libs\opencv\include\opencv2\ts\ocl_perf.hpp">
			<Filter>addons\ofxOpenCv\libs\opencv\include\opencv2\ts</Filter>
		</ClInclude>
		<ClInclude Include="..\..\..\addons\ofxOpenCv\libs\opencv\include\opencv2\ts\ocl_test.hpp">
			<Filter>addons\ofxOpenCv\libs\opencv\include\opencv2\ts</Filter>
		</ClInclude>
		<ClInclude Include="..\..\..\addons\ofxOpenCv\libs\opencv\include\opencv2\ts\ts_ext.hpp">
			<Filter>addons\ofxOpenCv\libs\opencv\include\opencv2\ts</Filter>
		</ClInclude>
		<ClInclude Include="..\..\..\addons\ofxOpenCv\libs\opencv\include\opencv2\ts\ts_gtest.h">
			<Filter>addons\ofxOpenCv\libs\opencv\include\opencv2\ts</Filter>
		</ClInclude>
		<ClInclude Include="..\..\..\addons\ofxOpenCv\libs\opencv\include\opencv2\ts\ts_perf.hpp">
			<Filter>addons\ofxOpenCv\libs\opencv\include\opencv2\ts</Filter>
		</ClInclude>
		<ClInclude Include="..\..\..\addons\ofxOpenCv\libs\opencv\include\opencv2\ts.hpp">
			<Filter>addons\ofxOpenCv\libs\opencv\include\opencv2</Filter>
		</ClInclude>
		<ClInclude Include="..\..\..\addons\ofxOpenCv\libs\opencv\include\opencv2\video\background_segm.hpp">
			<Filter>addons\ofxOpenCv\libs\opencv\include\opencv2\video</Filter>
		</ClInclude>
		<ClInclude Include="..\..\..\addons\ofxOpenCv\libs\opencv\include\opencv2\video\tracking.hpp">
			<Filter>addons\ofxOpenCv\libs\opencv\include\opencv2\video</Filter>
		</ClInclude>
		<ClInclude Include="..\..\..\addons\ofxOpenCv\libs\opencv\include\opencv2\video\tracking_c.h">
			<Filter>addons\ofxOpenCv\libs\opencv\include\opencv2\video</Filter>
		</ClInclude>
		<ClInclude Include="..\..\..\addons\ofxOpenCv\libs\opencv\include\opencv2\video\video.hpp">
			<Filter>addons\ofxOpenCv\libs\opencv\include\opencv2\video</Filter>
		</ClInclude>
		<ClInclude Include="..\..\..\addons\ofxOpenCv\libs\opencv\include\opencv2\video.hpp">
			<Filter>addons\ofxOpenCv\libs\opencv\include\opencv2</Filter>
		</ClInclude>
		<ClInclude Include="..\..\..\addons\ofxOpenCv\libs\opencv\include\opencv2\videoio\cap_ios.h">
			<Filter>addons\ofxOpenCv\libs\opencv\include\opencv2\videoio</Filter>
		</ClInclude>
		<ClInclude Include="..\..\..\addons\ofxOpenCv\libs\opencv\include\opencv2\videoio\cap_winrt.hpp">
			<Filter>addons\ofxOpenCv\libs\opencv\include\opencv2\videoio</Filter>
		</ClInclude>
		<ClInclude Include="..\..\..\addons\ofxOpenCv\libs\opencv\include\opencv2\videoio\videoio.hpp">
			<Filter>addons\ofxOpenCv\libs\opencv\include\opencv2\videoio</Filter>
		</ClInclude>
		<ClInclude Include="..\..\..\addons\ofxOpenCv\libs\opencv\include\opencv2\videoio\videoio_c.h">
			<Filter>addons\ofxOpenCv\libs\opencv\include\opencv2\videoio</Filter>
		</ClInclude>
		<ClInclude Include="..\..\..\addons\ofxOpenCv\libs\opencv\include\opencv2\videoio.hpp">
			<Filter>addons\ofxOpenCv\libs\opencv\include\opencv2</Filter>
		</ClInclude>
		<ClInclude Include="..\..\..\addons\ofxOpenCv\libs\opencv\include\opencv2\videostab\deblurring.hpp">
			<Filter>addons\ofxOpenCv\libs\opencv\include\opencv2\videostab</Filter>
		</ClInclude>
		<ClInclude Include="..\..\..\addons\ofxOpenCv\libs\opencv\include\opencv2\videostab\fast_marching.hpp">
			<Filter>addons\ofxOpenCv\libs\opencv\include\opencv2\videostab</Filter>
		</ClInclude>
		<ClInclude Include="..\..\..\addons\ofxOpenCv\libs\opencv\include\opencv2\videostab\fast_marching_inl.hpp">
			<Filter>addons\ofxOpenCv\libs\opencv\include\opencv2\videostab</Filter>
		</ClInclude>
		<ClInclude Include="..\..\..\addons\ofxOpenCv\libs\opencv\include\opencv2\videostab\frame_source.hpp">
			<Filter>addons\ofxOpenCv\libs\opencv\include\opencv2\videostab</Filter>
		</ClInclude>
		<ClInclude Include="..\..\..\addons\ofxOpenCv\libs\opencv\include\opencv2\videostab\global_motion.hpp">
			<Filter>addons\ofxOpenCv\libs\opencv\include\opencv2\videostab</Filter>
		</ClInclude>
		<ClInclude Include="..\..\..\addons\ofxOpenCv\libs\opencv\include\opencv2\videostab\inpainting.hpp">
			<Filter>addons\ofxOpenCv\libs\opencv\include\opencv2\videostab</Filter>
		</ClInclude>
		<ClInclude Include="..\..\..\addons\ofxOpenCv\libs\opencv\include\opencv2\videostab\log.hpp">
			<Filter>addons\ofxOpenCv\libs\opencv\include\opencv2\videostab</Filter>
		</ClInclude>
		<ClInclude Include="..\..\..\addons\ofxOpenCv\libs\opencv\include\opencv2\videostab\motion_core.hpp">
			<Filter>addons\ofxOpenCv\libs\opencv\include\opencv2\videostab</Filter>
		</ClInclude>
		<ClInclude Include="..\..\..\addons\ofxOpenCv\libs\opencv\include\opencv2\videostab\motion_stabilizing.hpp">
			<Filter>addons\ofxOpenCv\libs\opencv\include\opencv2\videostab</Filter>
		</ClInclude>
		<ClInclude Include="..\..\..\addons\ofxOpenCv\libs\opencv\include\opencv2\videostab\optical_flow.hpp">
			<Filter>addons\ofxOpenCv\libs\opencv\include\opencv2\videostab</Filter>
		</ClInclude>
		<ClInclude Include="..\..\..\addons\ofxOpenCv\libs\opencv\include\opencv2\videostab\outlier_rejection.hpp">
			<Filter>addons\ofxOpenCv\libs\opencv\include\opencv2\videostab</Filter>
		</ClInclude>
		<ClInclude Include="..\..\..\addons\ofxOpenCv\libs\opencv\include\opencv2\videostab\ring_buffer.hpp">
			<Filter>addons\ofxOpenCv\libs\opencv\include\opencv2\videostab</Filter>
		</ClInclude>
		<ClInclude Include="..\..\..\addons\ofxOpenCv\libs\opencv\include\opencv2\videostab\stabilizer.hpp">
			<Filter>addons\ofxOpenCv\libs\opencv\include\opencv2\videostab</Filter>
		</ClInclude>
		<ClInclude Include="..\..\..\addons\ofxOpenCv\libs\opencv\include\opencv2\videostab\wobble_suppression.hpp">
			<Filter>addons\ofxOpenCv\libs\opencv\include\opencv2\videostab</Filter>
		</ClInclude>
		<ClInclude Include="..\..\..\addons\ofxOpenCv\libs\opencv\include\opencv2\videostab.hpp">
			<Filter>addons\ofxOpenCv\libs\opencv\include\opencv2</Filter>
		</ClInclude>
		<ClInclude Include="..\..\..\addons\ofxOpenCv\libs\opencv\include\opencv2\viz\types.hpp">
			<Filter>addons\ofxOpenCv\libs\opencv\include\opencv2\viz</Filter>
		</ClInclude>
		<ClInclude Include="..\..\..\addons\ofxOpenCv\libs\opencv\include\opencv2\viz\viz3d.hpp">
			<Filter>addons\ofxOpenCv\libs\opencv\include\opencv2\viz</Filter>
		</ClInclude>
		<ClInclude Include="..\..\..\addons\ofxOpenCv\libs\opencv\include\opencv2\viz\vizcore.hpp">
			<Filter>addons\ofxOpenCv\libs\opencv\include\opencv2\viz</Filter>
		</ClInclude>
		<ClInclude Include="..\..\..\addons\ofxOpenCv\libs\opencv\include\opencv2\viz\widgets.hpp">
			<Filter>addons\ofxOpenCv\libs\opencv\include\opencv2\viz</Filter>
		</ClInclude>
		<ClInclude Include="..\..\..\addons\ofxOpenCv\libs\opencv\include\opencv2\viz\widget_accessor.hpp">
			<Filter>addons\ofxOpenCv\libs\opencv\include\opencv2\viz</Filter>
		</ClInclude>
		<ClInclude Include="..\..\..\addons\ofxOpenCv\libs\opencv\include\opencv2\viz.hpp">
			<Filter>addons\ofxOpenCv\libs\opencv\include\opencv2</Filter>
		</ClInclude>
		<ClInclude Include="..\..\..\addons\ofxOpenCv\libs\opencv\include\opencv2\world.hpp">
			<Filter>addons\ofxOpenCv\libs\opencv\include\opencv2</Filter>
		</ClInclude>
		<ClInclude Include="..\..\..\addons\ofxWrnchAI\src\ofxWrnchAI.h">
			<Filter>addons\ofxWrnchAI\src</Filter>
		</ClInclude>
		<ClInclude Include="..\..\..\addons\ofxWrnchAI\libs\include\wrnch\activityModel.h">
			<Filter>addons\ofxWrnchAI\libs\include\wrnch</Filter>
		</ClInclude>
		<ClInclude Include="..\..\..\addons\ofxWrnchAI\libs\include\wrnch\activityModel.hpp">
			<Filter>addons\ofxWrnchAI\libs\include\wrnch</Filter>
		</ClInclude>
		<ClInclude Include="..\..\..\addons\ofxWrnchAI\libs\include\wrnch\activityPoseEstimatorRequirements.h">
			<Filter>addons\ofxWrnchAI\libs\include\wrnch</Filter>
		</ClInclude>
		<ClInclude Include="..\..\..\addons\ofxWrnchAI\libs\include\wrnch\activityPoseEstimatorRequirements.hpp">
			<Filter>addons\ofxWrnchAI\libs\include\wrnch</Filter>
		</ClInclude>
		<ClInclude Include="..\..\..\addons\ofxWrnchAI\libs\include\wrnch\classifier.h">
			<Filter>addons\ofxWrnchAI\libs\include\wrnch</Filter>
		</ClInclude>
		<ClInclude Include="..\..\..\addons\ofxWrnchAI\libs\include\wrnch\classifier.hpp">
			<Filter>addons\ofxWrnchAI\libs\include\wrnch</Filter>
		</ClInclude>
		<ClInclude Include="..\..\..\addons\ofxWrnchAI\libs\include\wrnch\definitions.h">
			<Filter>addons\ofxWrnchAI\libs\include\wrnch</Filter>
		</ClInclude>
		<ClInclude Include="..\..\..\addons\ofxWrnchAI\libs\include\wrnch\engine.h">
			<Filter>addons\ofxWrnchAI\libs\include\wrnch</Filter>
		</ClInclude>
		<ClInclude Include="..\..\..\addons\ofxWrnchAI\libs\include\wrnch\engine.hpp">
			<Filter>addons\ofxWrnchAI\libs\include\wrnch</Filter>
		</ClInclude>
		<ClInclude Include="..\..\..\addons\ofxWrnchAI\libs\include\wrnch\IKProperties.h">
			<Filter>addons\ofxWrnchAI\libs\include\wrnch</Filter>
		</ClInclude>
		<ClInclude Include="..\..\..\addons\ofxWrnchAI\libs\include\wrnch\individualActivityModel.h">
			<Filter>addons\ofxWrnchAI\libs\include\wrnch</Filter>
		</ClInclude>
		<ClInclude Include="..\..\..\addons\ofxWrnchAI\libs\include\wrnch\individualActivityModel.hpp">
			<Filter>addons\ofxWrnchAI\libs\include\wrnch</Filter>
		</ClInclude>
		<ClInclude Include="..\..\..\addons\ofxWrnchAI\libs\include\wrnch\jointDefinition.h">
			<Filter>addons\ofxWrnchAI\libs\include\wrnch</Filter>
		</ClInclude>
		<ClInclude Include="..\..\..\addons\ofxWrnchAI\libs\include\wrnch\jointDefinition.hpp">
			<Filter>addons\ofxWrnchAI\libs\include\wrnch</Filter>
		</ClInclude>
		<ClInclude Include="..\..\..\addons\ofxWrnchAI\libs\include\wrnch\poseEstimator.h">
			<Filter>addons\ofxWrnchAI\libs\include\wrnch</Filter>
		</ClInclude>
		<ClInclude Include="..\..\..\addons\ofxWrnchAI\libs\include\wrnch\poseEstimator.hpp">
			<Filter>addons\ofxWrnchAI\libs\include\wrnch</Filter>
		</ClInclude>
		<ClInclude Include="..\..\..\addons\ofxWrnchAI\libs\include\wrnch\poseEstimatorOptions.h">
			<Filter>addons\ofxWrnchAI\libs\include\wrnch</Filter>
		</ClInclude>
		<ClInclude Include="..\..\..\addons\ofxWrnchAI\libs\include\wrnch\poseEstimatorOptions.hpp">
			<Filter>addons\ofxWrnchAI\libs\include\wrnch</Filter>
		</ClInclude>
		<ClInclude Include="..\..\..\addons\ofxWrnchAI\libs\include\wrnch\poseIK.h">
			<Filter>addons\ofxWrnchAI\libs\include\wrnch</Filter>
		</ClInclude>
		<ClInclude Include="..\..\..\addons\ofxWrnchAI\libs\include\wrnch\poseIK.hpp">
			<Filter>addons\ofxWrnchAI\libs\include\wrnch</Filter>
		</ClInclude>
		<ClInclude Include="..\..\..\addons\ofxWrnchAI\libs\include\wrnch\poseParams.h">
			<Filter>addons\ofxWrnchAI\libs\include\wrnch</Filter>
		</ClInclude>
		<ClInclude Include="..\..\..\addons\ofxWrnchAI\libs\include\wrnch\poseParams.hpp">
			<Filter>addons\ofxWrnchAI\libs\include\wrnch</Filter>
		</ClInclude>
		<ClInclude Include="..\..\..\addons\ofxWrnchAI\libs\include\wrnch\poseTypes.h">
			<Filter>addons\ofxWrnchAI\libs\include\wrnch</Filter>
		</ClInclude>
		<ClInclude Include="..\..\..\addons\ofxWrnchAI\libs\include\wrnch\poseTypes.hpp">
			<Filter>addons\ofxWrnchAI\libs\include\wrnch</Filter>
		</ClInclude>
		<ClInclude Include="..\..\..\addons\ofxWrnchAI\libs\include\wrnch\poseTypeTraits.hpp">
			<Filter>addons\ofxWrnchAI\libs\include\wrnch</Filter>
		</ClInclude>
		<ClInclude Include="..\..\..\addons\ofxWrnchAI\libs\include\wrnch\returnCodes.h">
			<Filter>addons\ofxWrnchAI\libs\include\wrnch</Filter>
		</ClInclude>
		<ClInclude Include="..\..\..\addons\ofxWrnchAI\libs\include\wrnch\utils.hpp">
			<Filter>addons\ofxWrnchAI\libs\include\wrnch</Filter>
		</ClInclude>
		<ClInclude Include="..\..\..\addons\ofxWrnchAI\libs\include\wrnch\version.h">
			<Filter>addons\ofxWrnchAI\libs\include\wrnch</Filter>
		</ClInclude>
		<ClInclude Include="addons\ofxCv\src\ofxCv.h">
			<Filter>local_addons\ofxCv\src</Filter>
		</ClInclude>
		<ClInclude Include="addons\ofxCv\libs\CLD\include\CLD\ETF.h">
			<Filter>local_addons\ofxCv\libs\CLD\include\CLD</Filter>
		</ClInclude>
		<ClInclude Include="addons\ofxCv\libs\CLD\include\CLD\fdog.h">
			<Filter>local_addons\ofxCv\libs\CLD\include\CLD</Filter>
		</ClInclude>
		<ClInclude Include="addons\ofxCv\libs\CLD\include\CLD\imatrix.h">
			<Filter>local_addons\ofxCv\libs\CLD\include\CLD</Filter>
		</ClInclude>
		<ClInclude Include="addons\ofxCv\libs\CLD\include\CLD\myvec.h">
			<Filter>local_addons\ofxCv\libs\CLD\include\CLD</Filter>
		</ClInclude>
		<ClInclude Include="addons\ofxCv\libs\ofxCv\include\ofxCv\Calibration.h">
			<Filter>local_addons\ofxCv\libs\ofxCv\include\ofxCv</Filter>
		</ClInclude>
		<ClInclude Include="addons\ofxCv\libs\ofxCv\include\ofxCv\ContourFinder.h">
			<Filter>local_addons\ofxCv\libs\ofxCv\include\ofxCv</Filter>
		</ClInclude>
		<ClInclude Include="addons\ofxCv\libs\ofxCv\include\ofxCv\Distance.h">
			<Filter>local_addons\ofxCv\libs\ofxCv\include\ofxCv</Filter>
		</ClInclude>
		<ClInclude Include="addons\ofxCv\libs\ofxCv\include\ofxCv\Flow.h">
			<Filter>local_addons\ofxCv\libs\ofxCv\include\ofxCv</Filter>
		</ClInclude>
		<ClInclude Include="addons\ofxCv\libs\ofxCv\include\ofxCv\Helpers.h">
			<Filter>local_addons\ofxCv\libs\ofxCv\include\ofxCv</Filter>
		</ClInclude>
		<ClInclude Include="addons\ofxCv\libs\ofxCv\include\ofxCv\Kalman.h">
			<Filter>local_addons\ofxCv\libs\ofxCv\include\ofxCv</Filter>
		</ClInclude>
		<ClInclude Include="addons\ofxCv\libs\ofxCv\include\ofxCv\ObjectFinder.h">
			<Filter>local_addons\ofxCv\libs\ofxCv\include\ofxCv</Filter>
		</ClInclude>
		<ClInclude Include="addons\ofxCv\libs\ofxCv\include\ofxCv\RunningBackground.h">
			<Filter>local_addons\ofxCv\libs\ofxCv\include\ofxCv</Filter>
		</ClInclude>
		<ClInclude Include="addons\ofxCv\libs\ofxCv\include\ofxCv\Tracker.h">
			<Filter>local_addons\ofxCv\libs\ofxCv\include\ofxCv</Filter>
		</ClInclude>
		<ClInclude Include="addons\ofxCv\libs\ofxCv\include\ofxCv\Utilities.h">
			<Filter>local_addons\ofxCv\libs\ofxCv\include\ofxCv</Filter>
		</ClInclude>
		<ClInclude Include="addons\ofxCv\libs\ofxCv\include\ofxCv\Wrappers.h">
			<Filter>local_addons\ofxCv\libs\ofxCv\include\ofxCv</Filter>
		</ClInclude>
	</ItemGroup>
	<ItemGroup>
		<ResourceCompile Include="icon.rc" />
	</ItemGroup>
</Project>
